
Microsoft Visual Studio Solution File, Format Version 12.00
# Visual Studio 2012
Project("{FAE04EC0-301F-11D3-BF4B-00C04F79EFBC}") = "MongoBooks2", "MongoBooks2\MongoBooks2.csproj", "{EAE31CC9-4938-4DCE-9C40-FEB70BEDF547}"
EndProject
Project("{FAE04EC0-301F-11D3-BF4B-00C04F79EFBC}") = "MongoDbBooks", "MongoDbBooks\MongoDbBooks.csproj", "{F7A750B3-2C51-417E-BA0D-4C4708939FBE}"
EndProject
Project("{FAE04EC0-301F-11D3-BF4B-00C04F79EFBC}") = "HelixTester", "HelixTester\HelixTester.csproj", "{100731CD-7BDB-484B-8A80-4FA42AFA0D0B}"
EndProject
Global
	GlobalSection(SolutionConfigurationPlatforms) = preSolution
		Debug|Any CPU = Debug|Any CPU
		Release|Any CPU = Release|Any CPU
	EndGlobalSection
	GlobalSection(ProjectConfigurationPlatforms) = postSolution
		{EAE31CC9-4938-4DCE-9C40-FEB70BEDF547}.Debug|Any CPU.ActiveCfg = Debug|Any CPU
		{EAE31CC9-4938-4DCE-9C40-FEB70BEDF547}.Debug|Any CPU.Build.0 = Debug|Any CPU
		{EAE31CC9-4938-4DCE-9C40-FEB70BEDF547}.Release|Any CPU.ActiveCfg = Release|Any CPU
		{EAE31CC9-4938-4DCE-9C40-FEB70BEDF547}.Release|Any CPU.Build.0 = Release|Any CPU
		{F7A750B3-2C51-417E-BA0D-4C4708939FBE}.Debug|Any CPU.ActiveCfg = Debug|Any CPU
		{F7A750B3-2C51-417E-BA0D-4C4708939FBE}.Debug|Any CPU.Build.0 = Debug|Any CPU
		{F7A750B3-2C51-417E-BA0D-4C4708939FBE}.Release|Any CPU.ActiveCfg = Release|Any CPU
		{F7A750B3-2C51-417E-BA0D-4C4708939FBE}.Release|Any CPU.Build.0 = Release|Any CPU
		{100731CD-7BDB-484B-8A80-4FA42AFA0D0B}.Debug|Any CPU.ActiveCfg = Debug|Any CPU
		{100731CD-7BDB-484B-8A80-4FA42AFA0D0B}.Debug|Any CPU.Build.0 = Debug|Any CPU
		{100731CD-7BDB-484B-8A80-4FA42AFA0D0B}.Release|Any CPU.ActiveCfg = Release|Any CPU
		{100731CD-7BDB-484B-8A80-4FA42AFA0D0B}.Release|Any CPU.Build.0 = Release|Any CPU
	EndGlobalSection
	GlobalSection(SolutionProperties) = preSolution
		HideSolutionNode = FALSE
	EndGlobalSection
EndGlobal
