
Microsoft Visual Studio Solution File, Format Version 12.00
# Visual Studio 15
VisualStudioVersion = 15.0.27004.2006
MinimumVisualStudioVersion = 10.0.40219.1
Project("{FAE04EC0-301F-11D3-BF4B-00C04F79EFBC}") = "MongoDbBooks", "MongoDbBooks\MongoDbBooks.csproj", "{F7A750B3-2C51-417E-BA0D-4C4708939FBE}"
EndProject
Project("{FAE04EC0-301F-11D3-BF4B-00C04F79EFBC}") = "HelixTester", "HelixTester\HelixTester.csproj", "{100731CD-7BDB-484B-8A80-4FA42AFA0D0B}"
EndProject
Project("{FAE04EC0-301F-11D3-BF4B-00C04F79EFBC}") = "MailTestApp", "MailTestApp\MailTestApp.csproj", "{9E8C5887-E4F3-4CC6-85AE-58DBAE471C12}"
EndProject
Project("{FAE04EC0-301F-11D3-BF4B-00C04F79EFBC}") = "PlaylistDir", "PlaylistDir\PlaylistDir.csproj", "{A6EA1B0A-B377-41A4-B9C6-A8A3405F5224}"
EndProject
Project("{FAE04EC0-301F-11D3-BF4B-00C04F79EFBC}") = "MetroGridTest", "MetroGridTest\MetroGridTest.csproj", "{ED92BD15-BB19-4447-A55D-815C3B6720E9}"
EndProject
Project("{FAE04EC0-301F-11D3-BF4B-00C04F79EFBC}") = "TrimLineEndSpaces", "TrimLineEndSpaces\TrimLineEndSpaces.csproj", "{66CF698D-5874-45C5-AC18-834D6A4DA4D1}"
EndProject
Project("{FAE04EC0-301F-11D3-BF4B-00C04F79EFBC}") = "CheckFonts", "CheckFonts\CheckFonts.csproj", "{85CDD65B-D771-4B5D-A54E-4F8ADE7F0488}"
EndProject
Project("{FAE04EC0-301F-11D3-BF4B-00C04F79EFBC}") = "TestBlogWpfApp", "TestBlogWpfApp\TestBlogWpfApp.csproj", "{3D1569C2-81D2-410F-8304-6E40BABABF92}"
EndProject
Project("{FAE04EC0-301F-11D3-BF4B-00C04F79EFBC}") = "BlogReadWrite", "BlogReadWrite\BlogReadWrite.csproj", "{015218AF-0725-4F05-9756-99EC5EF350F2}"
EndProject
Global
	GlobalSection(SolutionConfigurationPlatforms) = preSolution
		Debug|Any CPU = Debug|Any CPU
		Debug|x86 = Debug|x86
		Release|Any CPU = Release|Any CPU
		Release|x86 = Release|x86
	EndGlobalSection
	GlobalSection(ProjectConfigurationPlatforms) = postSolution
		{F7A750B3-2C51-417E-BA0D-4C4708939FBE}.Debug|Any CPU.ActiveCfg = Debug|Any CPU
		{F7A750B3-2C51-417E-BA0D-4C4708939FBE}.Debug|Any CPU.Build.0 = Debug|Any CPU
		{F7A750B3-2C51-417E-BA0D-4C4708939FBE}.Debug|x86.ActiveCfg = Debug|Any CPU
		{F7A750B3-2C51-417E-BA0D-4C4708939FBE}.Release|Any CPU.ActiveCfg = Release|Any CPU
		{F7A750B3-2C51-417E-BA0D-4C4708939FBE}.Release|Any CPU.Build.0 = Release|Any CPU
		{F7A750B3-2C51-417E-BA0D-4C4708939FBE}.Release|x86.ActiveCfg = Release|Any CPU
		{100731CD-7BDB-484B-8A80-4FA42AFA0D0B}.Debug|Any CPU.ActiveCfg = Debug|Any CPU
		{100731CD-7BDB-484B-8A80-4FA42AFA0D0B}.Debug|Any CPU.Build.0 = Debug|Any CPU
		{100731CD-7BDB-484B-8A80-4FA42AFA0D0B}.Debug|x86.ActiveCfg = Debug|Any CPU
		{100731CD-7BDB-484B-8A80-4FA42AFA0D0B}.Release|Any CPU.ActiveCfg = Release|Any CPU
		{100731CD-7BDB-484B-8A80-4FA42AFA0D0B}.Release|Any CPU.Build.0 = Release|Any CPU
		{100731CD-7BDB-484B-8A80-4FA42AFA0D0B}.Release|x86.ActiveCfg = Release|Any CPU
		{9E8C5887-E4F3-4CC6-85AE-58DBAE471C12}.Debug|Any CPU.ActiveCfg = Debug|Any CPU
		{9E8C5887-E4F3-4CC6-85AE-58DBAE471C12}.Debug|Any CPU.Build.0 = Debug|Any CPU
		{9E8C5887-E4F3-4CC6-85AE-58DBAE471C12}.Debug|x86.ActiveCfg = Debug|Any CPU
		{9E8C5887-E4F3-4CC6-85AE-58DBAE471C12}.Debug|x86.Build.0 = Debug|Any CPU
		{9E8C5887-E4F3-4CC6-85AE-58DBAE471C12}.Release|Any CPU.ActiveCfg = Release|Any CPU
		{9E8C5887-E4F3-4CC6-85AE-58DBAE471C12}.Release|Any CPU.Build.0 = Release|Any CPU
		{9E8C5887-E4F3-4CC6-85AE-58DBAE471C12}.Release|x86.ActiveCfg = Release|Any CPU
		{9E8C5887-E4F3-4CC6-85AE-58DBAE471C12}.Release|x86.Build.0 = Release|Any CPU
		{A6EA1B0A-B377-41A4-B9C6-A8A3405F5224}.Debug|Any CPU.ActiveCfg = Debug|Any CPU
		{A6EA1B0A-B377-41A4-B9C6-A8A3405F5224}.Debug|Any CPU.Build.0 = Debug|Any CPU
		{A6EA1B0A-B377-41A4-B9C6-A8A3405F5224}.Debug|x86.ActiveCfg = Debug|Any CPU
		{A6EA1B0A-B377-41A4-B9C6-A8A3405F5224}.Debug|x86.Build.0 = Debug|Any CPU
		{A6EA1B0A-B377-41A4-B9C6-A8A3405F5224}.Release|Any CPU.ActiveCfg = Release|Any CPU
		{A6EA1B0A-B377-41A4-B9C6-A8A3405F5224}.Release|Any CPU.Build.0 = Release|Any CPU
		{A6EA1B0A-B377-41A4-B9C6-A8A3405F5224}.Release|x86.ActiveCfg = Release|Any CPU
		{A6EA1B0A-B377-41A4-B9C6-A8A3405F5224}.Release|x86.Build.0 = Release|Any CPU
		{ED92BD15-BB19-4447-A55D-815C3B6720E9}.Debug|Any CPU.ActiveCfg = Debug|Any CPU
		{ED92BD15-BB19-4447-A55D-815C3B6720E9}.Debug|Any CPU.Build.0 = Debug|Any CPU
		{ED92BD15-BB19-4447-A55D-815C3B6720E9}.Debug|x86.ActiveCfg = Debug|Any CPU
		{ED92BD15-BB19-4447-A55D-815C3B6720E9}.Debug|x86.Build.0 = Debug|Any CPU
		{ED92BD15-BB19-4447-A55D-815C3B6720E9}.Release|Any CPU.ActiveCfg = Release|Any CPU
		{ED92BD15-BB19-4447-A55D-815C3B6720E9}.Release|Any CPU.Build.0 = Release|Any CPU
		{ED92BD15-BB19-4447-A55D-815C3B6720E9}.Release|x86.ActiveCfg = Release|Any CPU
		{ED92BD15-BB19-4447-A55D-815C3B6720E9}.Release|x86.Build.0 = Release|Any CPU
		{66CF698D-5874-45C5-AC18-834D6A4DA4D1}.Debug|Any CPU.ActiveCfg = Debug|Any CPU
		{66CF698D-5874-45C5-AC18-834D6A4DA4D1}.Debug|Any CPU.Build.0 = Debug|Any CPU
		{66CF698D-5874-45C5-AC18-834D6A4DA4D1}.Debug|x86.ActiveCfg = Debug|Any CPU
		{66CF698D-5874-45C5-AC18-834D6A4DA4D1}.Debug|x86.Build.0 = Debug|Any CPU
		{66CF698D-5874-45C5-AC18-834D6A4DA4D1}.Release|Any CPU.ActiveCfg = Release|Any CPU
		{66CF698D-5874-45C5-AC18-834D6A4DA4D1}.Release|Any CPU.Build.0 = Release|Any CPU
		{66CF698D-5874-45C5-AC18-834D6A4DA4D1}.Release|x86.ActiveCfg = Release|Any CPU
		{66CF698D-5874-45C5-AC18-834D6A4DA4D1}.Release|x86.Build.0 = Release|Any CPU
		{85CDD65B-D771-4B5D-A54E-4F8ADE7F0488}.Debug|Any CPU.ActiveCfg = Debug|Any CPU
		{85CDD65B-D771-4B5D-A54E-4F8ADE7F0488}.Debug|Any CPU.Build.0 = Debug|Any CPU
		{85CDD65B-D771-4B5D-A54E-4F8ADE7F0488}.Debug|x86.ActiveCfg = Debug|Any CPU
		{85CDD65B-D771-4B5D-A54E-4F8ADE7F0488}.Debug|x86.Build.0 = Debug|Any CPU
		{85CDD65B-D771-4B5D-A54E-4F8ADE7F0488}.Release|Any CPU.ActiveCfg = Release|Any CPU
		{85CDD65B-D771-4B5D-A54E-4F8ADE7F0488}.Release|Any CPU.Build.0 = Release|Any CPU
		{85CDD65B-D771-4B5D-A54E-4F8ADE7F0488}.Release|x86.ActiveCfg = Release|Any CPU
		{85CDD65B-D771-4B5D-A54E-4F8ADE7F0488}.Release|x86.Build.0 = Release|Any CPU
		{3D1569C2-81D2-410F-8304-6E40BABABF92}.Debug|Any CPU.ActiveCfg = Debug|Any CPU
		{3D1569C2-81D2-410F-8304-6E40BABABF92}.Debug|Any CPU.Build.0 = Debug|Any CPU
		{3D1569C2-81D2-410F-8304-6E40BABABF92}.Debug|x86.ActiveCfg = Debug|Any CPU
		{3D1569C2-81D2-410F-8304-6E40BABABF92}.Debug|x86.Build.0 = Debug|Any CPU
		{3D1569C2-81D2-410F-8304-6E40BABABF92}.Release|Any CPU.ActiveCfg = Release|Any CPU
		{3D1569C2-81D2-410F-8304-6E40BABABF92}.Release|Any CPU.Build.0 = Release|Any CPU
		{3D1569C2-81D2-410F-8304-6E40BABABF92}.Release|x86.ActiveCfg = Release|Any CPU
		{3D1569C2-81D2-410F-8304-6E40BABABF92}.Release|x86.Build.0 = Release|Any CPU
		{015218AF-0725-4F05-9756-99EC5EF350F2}.Debug|Any CPU.ActiveCfg = Debug|Any CPU
		{015218AF-0725-4F05-9756-99EC5EF350F2}.Debug|Any CPU.Build.0 = Debug|Any CPU
		{015218AF-0725-4F05-9756-99EC5EF350F2}.Debug|x86.ActiveCfg = Debug|Any CPU
		{015218AF-0725-4F05-9756-99EC5EF350F2}.Debug|x86.Build.0 = Debug|Any CPU
		{015218AF-0725-4F05-9756-99EC5EF350F2}.Release|Any CPU.ActiveCfg = Release|Any CPU
		{015218AF-0725-4F05-9756-99EC5EF350F2}.Release|Any CPU.Build.0 = Release|Any CPU
		{015218AF-0725-4F05-9756-99EC5EF350F2}.Release|x86.ActiveCfg = Release|Any CPU
		{015218AF-0725-4F05-9756-99EC5EF350F2}.Release|x86.Build.0 = Release|Any CPU
	EndGlobalSection
	GlobalSection(SolutionProperties) = preSolution
		HideSolutionNode = FALSE
	EndGlobalSection
	GlobalSection(ExtensibilityGlobals) = postSolution
		SolutionGuid = {B850ED9D-DC3A-4235-BA47-E0B181EDF282}
	EndGlobalSection
EndGlobal
