
Microsoft Visual Studio Solution File, Format Version 12.00
# Visual Studio 15
VisualStudioVersion = 15.0.28010.2016
MinimumVisualStudioVersion = 10.0.40219.1
Project("{FAE04EC0-301F-11D3-BF4B-00C04F79EFBC}") = "MongoDbBooks", "MongoDbBooks\MongoDbBooks.csproj", "{F7A750B3-2C51-417E-BA0D-4C4708939FBE}"
EndProject
Project("{FAE04EC0-301F-11D3-BF4B-00C04F79EFBC}") = "MailTestApp", "MailTestApp\MailTestApp.csproj", "{9E8C5887-E4F3-4CC6-85AE-58DBAE471C12}"
EndProject
Project("{FAE04EC0-301F-11D3-BF4B-00C04F79EFBC}") = "PlaylistDir", "PlaylistDir\PlaylistDir.csproj", "{A6EA1B0A-B377-41A4-B9C6-A8A3405F5224}"
EndProject
Project("{FAE04EC0-301F-11D3-BF4B-00C04F79EFBC}") = "MetroGridTest", "MetroGridTest\MetroGridTest.csproj", "{ED92BD15-BB19-4447-A55D-815C3B6720E9}"
EndProject
Project("{FAE04EC0-301F-11D3-BF4B-00C04F79EFBC}") = "TrimLineEndSpaces", "TrimLineEndSpaces\TrimLineEndSpaces.csproj", "{66CF698D-5874-45C5-AC18-834D6A4DA4D1}"
EndProject
Project("{FAE04EC0-301F-11D3-BF4B-00C04F79EFBC}") = "CheckFonts", "CheckFonts\CheckFonts.csproj", "{85CDD65B-D771-4B5D-A54E-4F8ADE7F0488}"
EndProject
Project("{FAE04EC0-301F-11D3-BF4B-00C04F79EFBC}") = "BlogReadWrite", "BlogReadWrite\BlogReadWrite.csproj", "{015218AF-0725-4F05-9756-99EC5EF350F2}"
EndProject
Project("{FAE04EC0-301F-11D3-BF4B-00C04F79EFBC}") = "BooksCore", "BooksCore\BooksCore.csproj", "{1822DBF9-753D-4AED-8834-E04E4E91577C}"
EndProject
Project("{FAE04EC0-301F-11D3-BF4B-00C04F79EFBC}") = "BooksDatabase", "BooksDatabase\BooksDatabase.csproj", "{61F0D977-ED96-4DD8-A260-42257C5BB68D}"
EndProject
Project("{FAE04EC0-301F-11D3-BF4B-00C04F79EFBC}") = "BooksOxyCharts", "BooksOxyCharts\BooksOxyCharts.csproj", "{E144AD45-AB4E-4E1E-85A6-D4532E29112C}"
EndProject
Project("{FAE04EC0-301F-11D3-BF4B-00C04F79EFBC}") = "BooksLiveCharts", "BooksLiveCharts\BooksLiveCharts.csproj", "{386B4544-29B0-4F11-A60F-1036FDE28C1D}"
EndProject
Project("{FAE04EC0-301F-11D3-BF4B-00C04F79EFBC}") = "BooksHelixCharts", "BooksHelixCharts\BooksHelixCharts.csproj", "{D4FFEF9C-24D5-4AD1-9EF0-9388BF578AF3}"
EndProject
Project("{FAE04EC0-301F-11D3-BF4B-00C04F79EFBC}") = "BooksBlogReports", "BooksBlogReports\BooksBlogReports.csproj", "{876BA61E-3CB9-4FC8-9885-BD03938CBCA7}"
EndProject
Project("{FAE04EC0-301F-11D3-BF4B-00C04F79EFBC}") = "BooksMailbox", "BooksMailbox\BooksMailbox.csproj", "{61C4EF73-94A7-4E83-BE96-2AB3701B1202}"
EndProject
Project("{2150E333-8FDC-42A3-9474-1A3956D46DE8}") = "Tests", "Tests", "{FFB7FD15-6C1B-443E-835D-70698E76E7B2}"
EndProject
Project("{2150E333-8FDC-42A3-9474-1A3956D46DE8}") = "Applications", "Applications", "{829E5594-2BD1-40F4-A50B-AA13180B742D}"
EndProject
Project("{2150E333-8FDC-42A3-9474-1A3956D46DE8}") = "UnitTests", "UnitTests", "{7B1C4F80-DB7C-4303-97B4-52C214104811}"
EndProject
Project("{FAE04EC0-301F-11D3-BF4B-00C04F79EFBC}") = "BooksDatabaseTester", "Tests\Applications\BooksDatabaseTester\BooksDatabaseTester.csproj", "{7D3C54E8-A8CB-4AD2-A7AD-275B329EBF79}"
EndProject
Project("{FAE04EC0-301F-11D3-BF4B-00C04F79EFBC}") = "BooksUtilities", "BooksUtilities\BooksUtilities.csproj", "{165E9399-F02D-4B5F-B5F5-28649CA04EE4}"
EndProject
Project("{FAE04EC0-301F-11D3-BF4B-00C04F79EFBC}") = "BooksHelixChartsTester", "Tests\Applications\BooksHelixChartsTester\BooksHelixChartsTester.csproj", "{A9E19AFC-A510-4594-AEB7-1F675A64A15B}"
EndProject
Project("{FAE04EC0-301F-11D3-BF4B-00C04F79EFBC}") = "BooksImportExport", "BooksImportExport\BooksImportExport.csproj", "{1863BE9C-F41B-45D0-9C56-70A2A069E36D}"
EndProject
Project("{FAE04EC0-301F-11D3-BF4B-00C04F79EFBC}") = "BooksOxyChartsTester", "Tests\Applications\BooksOxyChartsTester\BooksOxyChartsTester.csproj", "{17B34CB1-31A1-4708-A164-C8C1939DA7BC}"
EndProject
Project("{FAE04EC0-301F-11D3-BF4B-00C04F79EFBC}") = "BooksLiveChartsTester", "Tests\Applications\BooksLiveChartsTester\BooksLiveChartsTester.csproj", "{04BE66CE-3CC9-4EA3-8251-3BC1B2E5AF4B}"
EndProject
Project("{FAE04EC0-301F-11D3-BF4B-00C04F79EFBC}") = "BooksEditors", "BooksEditors\BooksEditors.csproj", "{33A63A92-6BDA-45E6-BA0E-0E0785DE6F5A}"
EndProject
Project("{FAE04EC0-301F-11D3-BF4B-00C04F79EFBC}") = "BooksEditorsTester", "BooksEditorsTester\BooksEditorsTester.csproj", "{3AAF91A6-56E2-4E25-89F6-4D10193D4B8F}"
EndProject
Project("{2150E333-8FDC-42A3-9474-1A3956D46DE8}") = "JavaScript", "JavaScript", "{BA23CDBE-D7E8-4F90-AB7E-D8B365E91B00}"
EndProject
Project("{2150E333-8FDC-42A3-9474-1A3956D46DE8}") = "Node", "Node", "{CEE5A82B-4EBA-4D00-9125-00B443BD962F}"
EndProject
Project("{9092AA53-FB77-4645-B42D-1CCCA6BD08BD}") = "FirstExpressApp", "JavaScript\Node\FirstExpressApp\FirstExpressApp.njsproj", "{89523679-6D9C-4B67-8838-C1A0CE92BE6C}"
EndProject
Project("{9092AA53-FB77-4645-B42D-1CCCA6BD08BD}") = "BlankNodejsWebApp", "JavaScript\Node\BlankNodejsWebApp\BlankNodejsWebApp.njsproj", "{3C6E3A24-468D-42E0-A5FC-9B68003A9807}"
EndProject
Project("{FAE04EC0-301F-11D3-BF4B-00C04F79EFBC}") = "AngularVisualStudioStarter", "JavaScript\Node\AngularVisualStudioStarter\AngularVisualStudioStarter.csproj", "{DF50FF02-2573-403D-95F3-3D7B49BBD17B}"
EndProject
Project("{FAE04EC0-301F-11D3-BF4B-00C04F79EFBC}") = "BooksImportExportTester", "BooksImportExportTester\BooksImportExportTester.csproj", "{90F8988F-3354-4F27-9024-6D2CA13BE18A}"
EndProject
Project("{FAE04EC0-301F-11D3-BF4B-00C04F79EFBC}") = "BooksTesterUtilities", "BooksTesterUtilities\BooksTesterUtilities.csproj", "{60669267-C598-405C-A8BA-3A5676D98465}"
EndProject
Project("{FAE04EC0-301F-11D3-BF4B-00C04F79EFBC}") = "AngularMonthlyReport", "JavaScript\Node\AngularMonthlyReport\AngularMonthlyReport.csproj", "{1E930A2C-A8D7-4BAC-A71D-6699901FC938}"
EndProject
Project("{FAE04EC0-301F-11D3-BF4B-00C04F79EFBC}") = "WpfEmbeddedBrowser", "WpfEmbeddedBrowser\WpfEmbeddedBrowser.csproj", "{7F305CF0-1FE1-48EC-B323-E0F525036EC5}"
EndProject
Project("{FAE04EC0-301F-11D3-BF4B-00C04F79EFBC}") = "Angular-With-VS-2", "JavaScript\Node\MoreVS\Angular-With-VS-2\Angular-With-VS-2.csproj", "{1CF43787-10BE-4DFE-98B3-932CC20A11BE}"
EndProject
Project("{E24C65DC-7377-472B-9ABA-BC803B73C61A}") = "my-project", "JavaScript\Node\AngularCLI\my-project\", "{EAFD574F-061E-45BC-B9F4-04C3F5E73990}"
	ProjectSection(WebsiteProperties) = preProject
		TargetFrameworkMoniker = ".NETFramework,Version%3Dv4.0"
		Debug.AspNetCompiler.VirtualPath = "/localhost_54056"
		Debug.AspNetCompiler.PhysicalPath = "JavaScript\Node\AngularCLI\my-project\"
		Debug.AspNetCompiler.TargetPath = "PrecompiledWeb\localhost_54056\"
		Debug.AspNetCompiler.Updateable = "true"
		Debug.AspNetCompiler.ForceOverwrite = "true"
		Debug.AspNetCompiler.FixedNames = "false"
		Debug.AspNetCompiler.Debug = "True"
		Release.AspNetCompiler.VirtualPath = "/localhost_54056"
		Release.AspNetCompiler.PhysicalPath = "JavaScript\Node\AngularCLI\my-project\"
		Release.AspNetCompiler.TargetPath = "PrecompiledWeb\localhost_54056\"
		Release.AspNetCompiler.Updateable = "true"
		Release.AspNetCompiler.ForceOverwrite = "true"
		Release.AspNetCompiler.FixedNames = "false"
		Release.AspNetCompiler.Debug = "False"
		VWDPort = "54056"
		SlnRelativePath = "JavaScript\Node\AngularCLI\my-project\"
	EndProjectSection
EndProject
Project("{2150E333-8FDC-42A3-9474-1A3956D46DE8}") = "NodeExamples", "NodeExamples", "{95075223-6DD6-489A-9509-423F073AF03B}"
EndProject
Project("{2150E333-8FDC-42A3-9474-1A3956D46DE8}") = "HelloWorld", "HelloWorld", "{811A6EAF-F849-4F2C-9EEA-536499437A0A}"
	ProjectSection(SolutionItems) = preProject
		JavaScript\NodeExamples\HelloWorld\demoFile.html = JavaScript\NodeExamples\HelloWorld\demoFile.html
		JavaScript\NodeExamples\HelloWorld\firstModule.js = JavaScript\NodeExamples\HelloWorld\firstModule.js
		JavaScript\NodeExamples\HelloWorld\firstprogram.js = JavaScript\NodeExamples\HelloWorld\firstprogram.js
		JavaScript\NodeExamples\HelloWorld\package-lock.json = JavaScript\NodeExamples\HelloWorld\package-lock.json
		JavaScript\NodeExamples\HelloWorld\summer.html = JavaScript\NodeExamples\HelloWorld\summer.html
		JavaScript\NodeExamples\HelloWorld\winter.html = JavaScript\NodeExamples\HelloWorld\winter.html
	EndProjectSection
EndProject
Project("{FAE04EC0-301F-11D3-BF4B-00C04F79EFBC}") = "TestTypeScriptApp1", "JavaScript\NodeExamples\TestTypeScriptApp1\TestTypeScriptApp1.csproj", "{6D7BBDF4-0648-4DEA-A7F1-27B22759F4B1}"
EndProject
Project("{2150E333-8FDC-42A3-9474-1A3956D46DE8}") = "TestTypeScriptApp1", "TestTypeScriptApp1", "{7C8DFB47-92CF-475B-B7D9-E08D22CA0D2D}"
EndProject
Project("{E24C65DC-7377-472B-9ABA-BC803B73C61A}") = "node-apis-project1", "JavaScript\NodeExamples\node-apis-project1\", "{706F2DA5-32D6-4F5E-B7FE-21A5D2E8F840}"
	ProjectSection(WebsiteProperties) = preProject
		TargetFrameworkMoniker = ".NETFramework,Version%3Dv4.0"
		Debug.AspNetCompiler.VirtualPath = "/localhost_50017"
		Debug.AspNetCompiler.PhysicalPath = "JavaScript\NodeExamples\node-apis-project1\"
		Debug.AspNetCompiler.TargetPath = "PrecompiledWeb\localhost_50017\"
		Debug.AspNetCompiler.Updateable = "true"
		Debug.AspNetCompiler.ForceOverwrite = "true"
		Debug.AspNetCompiler.FixedNames = "false"
		Debug.AspNetCompiler.Debug = "True"
		Release.AspNetCompiler.VirtualPath = "/localhost_50017"
		Release.AspNetCompiler.PhysicalPath = "JavaScript\NodeExamples\node-apis-project1\"
		Release.AspNetCompiler.TargetPath = "PrecompiledWeb\localhost_50017\"
		Release.AspNetCompiler.Updateable = "true"
		Release.AspNetCompiler.ForceOverwrite = "true"
		Release.AspNetCompiler.FixedNames = "false"
		Release.AspNetCompiler.Debug = "False"
		VWDPort = "50017"
		SlnRelativePath = "JavaScript\NodeExamples\node-apis-project1\"
	EndProjectSection
EndProject
Project("{2150E333-8FDC-42A3-9474-1A3956D46DE8}") = "node-apis-project1", "node-apis-project1", "{5ED84669-50FD-4A6C-ABC2-EC9A46360A63}"
EndProject
Project("{2150E333-8FDC-42A3-9474-1A3956D46DE8}") = "node-mongodb-test-1", "node-mongodb-test-1", "{50D6E518-250A-47F3-A5CE-8974FADB4C70}"
EndProject
Project("{E24C65DC-7377-472B-9ABA-BC803B73C61A}") = "node-mongodb-test-1", "JavaScript\NodeExamples\node-mongodb-test-1\", "{8706F15C-ABF1-47BC-AE96-17BD2F6F094B}"
	ProjectSection(WebsiteProperties) = preProject
		TargetFrameworkMoniker = ".NETFramework,Version%3Dv4.0"
		Debug.AspNetCompiler.VirtualPath = "/localhost_55310"
		Debug.AspNetCompiler.PhysicalPath = "JavaScript\NodeExamples\node-mongodb-test-1\"
		Debug.AspNetCompiler.TargetPath = "PrecompiledWeb\localhost_55310\"
		Debug.AspNetCompiler.Updateable = "true"
		Debug.AspNetCompiler.ForceOverwrite = "true"
		Debug.AspNetCompiler.FixedNames = "false"
		Debug.AspNetCompiler.Debug = "True"
		Release.AspNetCompiler.VirtualPath = "/localhost_55310"
		Release.AspNetCompiler.PhysicalPath = "JavaScript\NodeExamples\node-mongodb-test-1\"
		Release.AspNetCompiler.TargetPath = "PrecompiledWeb\localhost_55310\"
		Release.AspNetCompiler.Updateable = "true"
		Release.AspNetCompiler.ForceOverwrite = "true"
		Release.AspNetCompiler.FixedNames = "false"
		Release.AspNetCompiler.Debug = "False"
		VWDPort = "55310"
		SlnRelativePath = "JavaScript\NodeExamples\node-mongodb-test-1\"
	EndProjectSection
EndProject
Project("{2150E333-8FDC-42A3-9474-1A3956D46DE8}") = "node-books-data-server", "node-books-data-server", "{94AEC2F9-91BD-44AD-8CE3-215791A0995A}"
EndProject
Project("{E24C65DC-7377-472B-9ABA-BC803B73C61A}") = "node-books-data-server", "JavaScript\NodeExamples\node-books-data-server\", "{6816E0C9-85D1-4504-816A-19FD15E86C0A}"
	ProjectSection(WebsiteProperties) = preProject
		TargetFrameworkMoniker = ".NETFramework,Version%3Dv4.0"
		Debug.AspNetCompiler.VirtualPath = "/localhost_64060"
		Debug.AspNetCompiler.PhysicalPath = "JavaScript\NodeExamples\node-books-data-server\"
		Debug.AspNetCompiler.TargetPath = "PrecompiledWeb\localhost_64060\"
		Debug.AspNetCompiler.Updateable = "true"
		Debug.AspNetCompiler.ForceOverwrite = "true"
		Debug.AspNetCompiler.FixedNames = "false"
		Debug.AspNetCompiler.Debug = "True"
		Release.AspNetCompiler.VirtualPath = "/localhost_64060"
		Release.AspNetCompiler.PhysicalPath = "JavaScript\NodeExamples\node-books-data-server\"
		Release.AspNetCompiler.TargetPath = "PrecompiledWeb\localhost_64060\"
		Release.AspNetCompiler.Updateable = "true"
		Release.AspNetCompiler.ForceOverwrite = "true"
		Release.AspNetCompiler.FixedNames = "false"
		Release.AspNetCompiler.Debug = "False"
		VWDPort = "64060"
		SlnRelativePath = "JavaScript\NodeExamples\node-books-data-server\"
	EndProjectSection
EndProject
Project("{2150E333-8FDC-42A3-9474-1A3956D46DE8}") = "Books2", "Books2", "{AFEEBE20-1A7C-4A05-BCD9-F0E65128A7CF}"
EndProject
Project("{2150E333-8FDC-42A3-9474-1A3956D46DE8}") = "AngularBooks", "AngularBooks", "{A0143C73-8869-4E49-9BC7-EA3B723A433B}"
EndProject
Project("{2150E333-8FDC-42A3-9474-1A3956D46DE8}") = "ExpressBooks", "ExpressBooks", "{9E21A553-C1A4-449E-951F-FEBCB516C8E6}"
EndProject
Project("{9092AA53-FB77-4645-B42D-1CCCA6BD08BD}") = "BooksExpressApp", "JavaScript\Books2\ExpressBooks\BooksExpressApp\BooksExpressApp.njsproj", "{4FAB2A67-A239-494B-8BDA-CB7C79D30251}"
EndProject
Project("{9A19103F-16F7-4668-BE54-9A1E7A4F7556}") = "BooksAngularApp", "JavaScript\Books2\AngularBooks\BooksAngularApp\BooksAngularApp.csproj", "{0C309441-8E3A-4313-9912-9B0320F062D0}"
EndProject
Project("{9A19103F-16F7-4668-BE54-9A1E7A4F7556}") = "BooksAngular5App", "JavaScript\Books2\AngularBooks\BooksAngular5App\BooksAngular5App.csproj", "{C25600CD-E43F-4464-BDDE-7EDB152BF767}"
EndProject
Project("{FAE04EC0-301F-11D3-BF4B-00C04F79EFBC}") = "WebRequestTester", "Tests\Applications\WebRequestTester\WebRequestTester.csproj", "{D98ECD49-0979-424C-9162-83AC6E74CD7F}"
EndProject
Global
	GlobalSection(SolutionConfigurationPlatforms) = preSolution
		Debug|Any CPU = Debug|Any CPU
		Debug|ARM = Debug|ARM
		Debug|x64 = Debug|x64
		Debug|x86 = Debug|x86
		Release|Any CPU = Release|Any CPU
		Release|ARM = Release|ARM
		Release|x64 = Release|x64
		Release|x86 = Release|x86
	EndGlobalSection
	GlobalSection(ProjectConfigurationPlatforms) = postSolution
		{F7A750B3-2C51-417E-BA0D-4C4708939FBE}.Debug|Any CPU.ActiveCfg = Debug|Any CPU
		{F7A750B3-2C51-417E-BA0D-4C4708939FBE}.Debug|Any CPU.Build.0 = Debug|Any CPU
		{F7A750B3-2C51-417E-BA0D-4C4708939FBE}.Debug|ARM.ActiveCfg = Debug|Any CPU
		{F7A750B3-2C51-417E-BA0D-4C4708939FBE}.Debug|ARM.Build.0 = Debug|Any CPU
		{F7A750B3-2C51-417E-BA0D-4C4708939FBE}.Debug|x64.ActiveCfg = Debug|Any CPU
		{F7A750B3-2C51-417E-BA0D-4C4708939FBE}.Debug|x64.Build.0 = Debug|Any CPU
		{F7A750B3-2C51-417E-BA0D-4C4708939FBE}.Debug|x86.ActiveCfg = Debug|Any CPU
		{F7A750B3-2C51-417E-BA0D-4C4708939FBE}.Release|Any CPU.ActiveCfg = Release|Any CPU
		{F7A750B3-2C51-417E-BA0D-4C4708939FBE}.Release|Any CPU.Build.0 = Release|Any CPU
		{F7A750B3-2C51-417E-BA0D-4C4708939FBE}.Release|ARM.ActiveCfg = Release|Any CPU
		{F7A750B3-2C51-417E-BA0D-4C4708939FBE}.Release|ARM.Build.0 = Release|Any CPU
		{F7A750B3-2C51-417E-BA0D-4C4708939FBE}.Release|x64.ActiveCfg = Release|Any CPU
		{F7A750B3-2C51-417E-BA0D-4C4708939FBE}.Release|x64.Build.0 = Release|Any CPU
		{F7A750B3-2C51-417E-BA0D-4C4708939FBE}.Release|x86.ActiveCfg = Release|Any CPU
		{9E8C5887-E4F3-4CC6-85AE-58DBAE471C12}.Debug|Any CPU.ActiveCfg = Debug|Any CPU
		{9E8C5887-E4F3-4CC6-85AE-58DBAE471C12}.Debug|Any CPU.Build.0 = Debug|Any CPU
		{9E8C5887-E4F3-4CC6-85AE-58DBAE471C12}.Debug|ARM.ActiveCfg = Debug|Any CPU
		{9E8C5887-E4F3-4CC6-85AE-58DBAE471C12}.Debug|ARM.Build.0 = Debug|Any CPU
		{9E8C5887-E4F3-4CC6-85AE-58DBAE471C12}.Debug|x64.ActiveCfg = Debug|Any CPU
		{9E8C5887-E4F3-4CC6-85AE-58DBAE471C12}.Debug|x64.Build.0 = Debug|Any CPU
		{9E8C5887-E4F3-4CC6-85AE-58DBAE471C12}.Debug|x86.ActiveCfg = Debug|Any CPU
		{9E8C5887-E4F3-4CC6-85AE-58DBAE471C12}.Debug|x86.Build.0 = Debug|Any CPU
		{9E8C5887-E4F3-4CC6-85AE-58DBAE471C12}.Release|Any CPU.ActiveCfg = Release|Any CPU
		{9E8C5887-E4F3-4CC6-85AE-58DBAE471C12}.Release|Any CPU.Build.0 = Release|Any CPU
		{9E8C5887-E4F3-4CC6-85AE-58DBAE471C12}.Release|ARM.ActiveCfg = Release|Any CPU
		{9E8C5887-E4F3-4CC6-85AE-58DBAE471C12}.Release|ARM.Build.0 = Release|Any CPU
		{9E8C5887-E4F3-4CC6-85AE-58DBAE471C12}.Release|x64.ActiveCfg = Release|Any CPU
		{9E8C5887-E4F3-4CC6-85AE-58DBAE471C12}.Release|x64.Build.0 = Release|Any CPU
		{9E8C5887-E4F3-4CC6-85AE-58DBAE471C12}.Release|x86.ActiveCfg = Release|Any CPU
		{9E8C5887-E4F3-4CC6-85AE-58DBAE471C12}.Release|x86.Build.0 = Release|Any CPU
		{A6EA1B0A-B377-41A4-B9C6-A8A3405F5224}.Debug|Any CPU.ActiveCfg = Debug|Any CPU
		{A6EA1B0A-B377-41A4-B9C6-A8A3405F5224}.Debug|Any CPU.Build.0 = Debug|Any CPU
		{A6EA1B0A-B377-41A4-B9C6-A8A3405F5224}.Debug|ARM.ActiveCfg = Debug|Any CPU
		{A6EA1B0A-B377-41A4-B9C6-A8A3405F5224}.Debug|ARM.Build.0 = Debug|Any CPU
		{A6EA1B0A-B377-41A4-B9C6-A8A3405F5224}.Debug|x64.ActiveCfg = Debug|Any CPU
		{A6EA1B0A-B377-41A4-B9C6-A8A3405F5224}.Debug|x64.Build.0 = Debug|Any CPU
		{A6EA1B0A-B377-41A4-B9C6-A8A3405F5224}.Debug|x86.ActiveCfg = Debug|Any CPU
		{A6EA1B0A-B377-41A4-B9C6-A8A3405F5224}.Debug|x86.Build.0 = Debug|Any CPU
		{A6EA1B0A-B377-41A4-B9C6-A8A3405F5224}.Release|Any CPU.ActiveCfg = Release|Any CPU
		{A6EA1B0A-B377-41A4-B9C6-A8A3405F5224}.Release|Any CPU.Build.0 = Release|Any CPU
		{A6EA1B0A-B377-41A4-B9C6-A8A3405F5224}.Release|ARM.ActiveCfg = Release|Any CPU
		{A6EA1B0A-B377-41A4-B9C6-A8A3405F5224}.Release|ARM.Build.0 = Release|Any CPU
		{A6EA1B0A-B377-41A4-B9C6-A8A3405F5224}.Release|x64.ActiveCfg = Release|Any CPU
		{A6EA1B0A-B377-41A4-B9C6-A8A3405F5224}.Release|x64.Build.0 = Release|Any CPU
		{A6EA1B0A-B377-41A4-B9C6-A8A3405F5224}.Release|x86.ActiveCfg = Release|Any CPU
		{A6EA1B0A-B377-41A4-B9C6-A8A3405F5224}.Release|x86.Build.0 = Release|Any CPU
		{ED92BD15-BB19-4447-A55D-815C3B6720E9}.Debug|Any CPU.ActiveCfg = Debug|Any CPU
		{ED92BD15-BB19-4447-A55D-815C3B6720E9}.Debug|Any CPU.Build.0 = Debug|Any CPU
		{ED92BD15-BB19-4447-A55D-815C3B6720E9}.Debug|ARM.ActiveCfg = Debug|Any CPU
		{ED92BD15-BB19-4447-A55D-815C3B6720E9}.Debug|ARM.Build.0 = Debug|Any CPU
		{ED92BD15-BB19-4447-A55D-815C3B6720E9}.Debug|x64.ActiveCfg = Debug|Any CPU
		{ED92BD15-BB19-4447-A55D-815C3B6720E9}.Debug|x64.Build.0 = Debug|Any CPU
		{ED92BD15-BB19-4447-A55D-815C3B6720E9}.Debug|x86.ActiveCfg = Debug|Any CPU
		{ED92BD15-BB19-4447-A55D-815C3B6720E9}.Debug|x86.Build.0 = Debug|Any CPU
		{ED92BD15-BB19-4447-A55D-815C3B6720E9}.Release|Any CPU.ActiveCfg = Release|Any CPU
		{ED92BD15-BB19-4447-A55D-815C3B6720E9}.Release|Any CPU.Build.0 = Release|Any CPU
		{ED92BD15-BB19-4447-A55D-815C3B6720E9}.Release|ARM.ActiveCfg = Release|Any CPU
		{ED92BD15-BB19-4447-A55D-815C3B6720E9}.Release|ARM.Build.0 = Release|Any CPU
		{ED92BD15-BB19-4447-A55D-815C3B6720E9}.Release|x64.ActiveCfg = Release|Any CPU
		{ED92BD15-BB19-4447-A55D-815C3B6720E9}.Release|x64.Build.0 = Release|Any CPU
		{ED92BD15-BB19-4447-A55D-815C3B6720E9}.Release|x86.ActiveCfg = Release|Any CPU
		{ED92BD15-BB19-4447-A55D-815C3B6720E9}.Release|x86.Build.0 = Release|Any CPU
		{66CF698D-5874-45C5-AC18-834D6A4DA4D1}.Debug|Any CPU.ActiveCfg = Debug|Any CPU
		{66CF698D-5874-45C5-AC18-834D6A4DA4D1}.Debug|Any CPU.Build.0 = Debug|Any CPU
		{66CF698D-5874-45C5-AC18-834D6A4DA4D1}.Debug|ARM.ActiveCfg = Debug|Any CPU
		{66CF698D-5874-45C5-AC18-834D6A4DA4D1}.Debug|ARM.Build.0 = Debug|Any CPU
		{66CF698D-5874-45C5-AC18-834D6A4DA4D1}.Debug|x64.ActiveCfg = Debug|Any CPU
		{66CF698D-5874-45C5-AC18-834D6A4DA4D1}.Debug|x64.Build.0 = Debug|Any CPU
		{66CF698D-5874-45C5-AC18-834D6A4DA4D1}.Debug|x86.ActiveCfg = Debug|Any CPU
		{66CF698D-5874-45C5-AC18-834D6A4DA4D1}.Debug|x86.Build.0 = Debug|Any CPU
		{66CF698D-5874-45C5-AC18-834D6A4DA4D1}.Release|Any CPU.ActiveCfg = Release|Any CPU
		{66CF698D-5874-45C5-AC18-834D6A4DA4D1}.Release|Any CPU.Build.0 = Release|Any CPU
		{66CF698D-5874-45C5-AC18-834D6A4DA4D1}.Release|ARM.ActiveCfg = Release|Any CPU
		{66CF698D-5874-45C5-AC18-834D6A4DA4D1}.Release|ARM.Build.0 = Release|Any CPU
		{66CF698D-5874-45C5-AC18-834D6A4DA4D1}.Release|x64.ActiveCfg = Release|Any CPU
		{66CF698D-5874-45C5-AC18-834D6A4DA4D1}.Release|x64.Build.0 = Release|Any CPU
		{66CF698D-5874-45C5-AC18-834D6A4DA4D1}.Release|x86.ActiveCfg = Release|Any CPU
		{66CF698D-5874-45C5-AC18-834D6A4DA4D1}.Release|x86.Build.0 = Release|Any CPU
		{85CDD65B-D771-4B5D-A54E-4F8ADE7F0488}.Debug|Any CPU.ActiveCfg = Debug|Any CPU
		{85CDD65B-D771-4B5D-A54E-4F8ADE7F0488}.Debug|Any CPU.Build.0 = Debug|Any CPU
		{85CDD65B-D771-4B5D-A54E-4F8ADE7F0488}.Debug|ARM.ActiveCfg = Debug|Any CPU
		{85CDD65B-D771-4B5D-A54E-4F8ADE7F0488}.Debug|ARM.Build.0 = Debug|Any CPU
		{85CDD65B-D771-4B5D-A54E-4F8ADE7F0488}.Debug|x64.ActiveCfg = Debug|Any CPU
		{85CDD65B-D771-4B5D-A54E-4F8ADE7F0488}.Debug|x64.Build.0 = Debug|Any CPU
		{85CDD65B-D771-4B5D-A54E-4F8ADE7F0488}.Debug|x86.ActiveCfg = Debug|Any CPU
		{85CDD65B-D771-4B5D-A54E-4F8ADE7F0488}.Debug|x86.Build.0 = Debug|Any CPU
		{85CDD65B-D771-4B5D-A54E-4F8ADE7F0488}.Release|Any CPU.ActiveCfg = Release|Any CPU
		{85CDD65B-D771-4B5D-A54E-4F8ADE7F0488}.Release|Any CPU.Build.0 = Release|Any CPU
		{85CDD65B-D771-4B5D-A54E-4F8ADE7F0488}.Release|ARM.ActiveCfg = Release|Any CPU
		{85CDD65B-D771-4B5D-A54E-4F8ADE7F0488}.Release|ARM.Build.0 = Release|Any CPU
		{85CDD65B-D771-4B5D-A54E-4F8ADE7F0488}.Release|x64.ActiveCfg = Release|Any CPU
		{85CDD65B-D771-4B5D-A54E-4F8ADE7F0488}.Release|x64.Build.0 = Release|Any CPU
		{85CDD65B-D771-4B5D-A54E-4F8ADE7F0488}.Release|x86.ActiveCfg = Release|Any CPU
		{85CDD65B-D771-4B5D-A54E-4F8ADE7F0488}.Release|x86.Build.0 = Release|Any CPU
		{015218AF-0725-4F05-9756-99EC5EF350F2}.Debug|Any CPU.ActiveCfg = Debug|Any CPU
		{015218AF-0725-4F05-9756-99EC5EF350F2}.Debug|Any CPU.Build.0 = Debug|Any CPU
		{015218AF-0725-4F05-9756-99EC5EF350F2}.Debug|ARM.ActiveCfg = Debug|Any CPU
		{015218AF-0725-4F05-9756-99EC5EF350F2}.Debug|ARM.Build.0 = Debug|Any CPU
		{015218AF-0725-4F05-9756-99EC5EF350F2}.Debug|x64.ActiveCfg = Debug|Any CPU
		{015218AF-0725-4F05-9756-99EC5EF350F2}.Debug|x64.Build.0 = Debug|Any CPU
		{015218AF-0725-4F05-9756-99EC5EF350F2}.Debug|x86.ActiveCfg = Debug|Any CPU
		{015218AF-0725-4F05-9756-99EC5EF350F2}.Debug|x86.Build.0 = Debug|Any CPU
		{015218AF-0725-4F05-9756-99EC5EF350F2}.Release|Any CPU.ActiveCfg = Release|Any CPU
		{015218AF-0725-4F05-9756-99EC5EF350F2}.Release|Any CPU.Build.0 = Release|Any CPU
		{015218AF-0725-4F05-9756-99EC5EF350F2}.Release|ARM.ActiveCfg = Release|Any CPU
		{015218AF-0725-4F05-9756-99EC5EF350F2}.Release|ARM.Build.0 = Release|Any CPU
		{015218AF-0725-4F05-9756-99EC5EF350F2}.Release|x64.ActiveCfg = Release|Any CPU
		{015218AF-0725-4F05-9756-99EC5EF350F2}.Release|x64.Build.0 = Release|Any CPU
		{015218AF-0725-4F05-9756-99EC5EF350F2}.Release|x86.ActiveCfg = Release|Any CPU
		{015218AF-0725-4F05-9756-99EC5EF350F2}.Release|x86.Build.0 = Release|Any CPU
		{1822DBF9-753D-4AED-8834-E04E4E91577C}.Debug|Any CPU.ActiveCfg = Debug|Any CPU
		{1822DBF9-753D-4AED-8834-E04E4E91577C}.Debug|Any CPU.Build.0 = Debug|Any CPU
		{1822DBF9-753D-4AED-8834-E04E4E91577C}.Debug|ARM.ActiveCfg = Debug|Any CPU
		{1822DBF9-753D-4AED-8834-E04E4E91577C}.Debug|ARM.Build.0 = Debug|Any CPU
		{1822DBF9-753D-4AED-8834-E04E4E91577C}.Debug|x64.ActiveCfg = Debug|Any CPU
		{1822DBF9-753D-4AED-8834-E04E4E91577C}.Debug|x64.Build.0 = Debug|Any CPU
		{1822DBF9-753D-4AED-8834-E04E4E91577C}.Debug|x86.ActiveCfg = Debug|Any CPU
		{1822DBF9-753D-4AED-8834-E04E4E91577C}.Debug|x86.Build.0 = Debug|Any CPU
		{1822DBF9-753D-4AED-8834-E04E4E91577C}.Release|Any CPU.ActiveCfg = Release|Any CPU
		{1822DBF9-753D-4AED-8834-E04E4E91577C}.Release|Any CPU.Build.0 = Release|Any CPU
		{1822DBF9-753D-4AED-8834-E04E4E91577C}.Release|ARM.ActiveCfg = Release|Any CPU
		{1822DBF9-753D-4AED-8834-E04E4E91577C}.Release|ARM.Build.0 = Release|Any CPU
		{1822DBF9-753D-4AED-8834-E04E4E91577C}.Release|x64.ActiveCfg = Release|Any CPU
		{1822DBF9-753D-4AED-8834-E04E4E91577C}.Release|x64.Build.0 = Release|Any CPU
		{1822DBF9-753D-4AED-8834-E04E4E91577C}.Release|x86.ActiveCfg = Release|Any CPU
		{1822DBF9-753D-4AED-8834-E04E4E91577C}.Release|x86.Build.0 = Release|Any CPU
		{61F0D977-ED96-4DD8-A260-42257C5BB68D}.Debug|Any CPU.ActiveCfg = Debug|Any CPU
		{61F0D977-ED96-4DD8-A260-42257C5BB68D}.Debug|Any CPU.Build.0 = Debug|Any CPU
		{61F0D977-ED96-4DD8-A260-42257C5BB68D}.Debug|ARM.ActiveCfg = Debug|Any CPU
		{61F0D977-ED96-4DD8-A260-42257C5BB68D}.Debug|ARM.Build.0 = Debug|Any CPU
		{61F0D977-ED96-4DD8-A260-42257C5BB68D}.Debug|x64.ActiveCfg = Debug|Any CPU
		{61F0D977-ED96-4DD8-A260-42257C5BB68D}.Debug|x64.Build.0 = Debug|Any CPU
		{61F0D977-ED96-4DD8-A260-42257C5BB68D}.Debug|x86.ActiveCfg = Debug|Any CPU
		{61F0D977-ED96-4DD8-A260-42257C5BB68D}.Debug|x86.Build.0 = Debug|Any CPU
		{61F0D977-ED96-4DD8-A260-42257C5BB68D}.Release|Any CPU.ActiveCfg = Release|Any CPU
		{61F0D977-ED96-4DD8-A260-42257C5BB68D}.Release|Any CPU.Build.0 = Release|Any CPU
		{61F0D977-ED96-4DD8-A260-42257C5BB68D}.Release|ARM.ActiveCfg = Release|Any CPU
		{61F0D977-ED96-4DD8-A260-42257C5BB68D}.Release|ARM.Build.0 = Release|Any CPU
		{61F0D977-ED96-4DD8-A260-42257C5BB68D}.Release|x64.ActiveCfg = Release|Any CPU
		{61F0D977-ED96-4DD8-A260-42257C5BB68D}.Release|x64.Build.0 = Release|Any CPU
		{61F0D977-ED96-4DD8-A260-42257C5BB68D}.Release|x86.ActiveCfg = Release|Any CPU
		{61F0D977-ED96-4DD8-A260-42257C5BB68D}.Release|x86.Build.0 = Release|Any CPU
		{E144AD45-AB4E-4E1E-85A6-D4532E29112C}.Debug|Any CPU.ActiveCfg = Debug|Any CPU
		{E144AD45-AB4E-4E1E-85A6-D4532E29112C}.Debug|Any CPU.Build.0 = Debug|Any CPU
		{E144AD45-AB4E-4E1E-85A6-D4532E29112C}.Debug|ARM.ActiveCfg = Debug|Any CPU
		{E144AD45-AB4E-4E1E-85A6-D4532E29112C}.Debug|ARM.Build.0 = Debug|Any CPU
		{E144AD45-AB4E-4E1E-85A6-D4532E29112C}.Debug|x64.ActiveCfg = Debug|Any CPU
		{E144AD45-AB4E-4E1E-85A6-D4532E29112C}.Debug|x64.Build.0 = Debug|Any CPU
		{E144AD45-AB4E-4E1E-85A6-D4532E29112C}.Debug|x86.ActiveCfg = Debug|Any CPU
		{E144AD45-AB4E-4E1E-85A6-D4532E29112C}.Debug|x86.Build.0 = Debug|Any CPU
		{E144AD45-AB4E-4E1E-85A6-D4532E29112C}.Release|Any CPU.ActiveCfg = Release|Any CPU
		{E144AD45-AB4E-4E1E-85A6-D4532E29112C}.Release|Any CPU.Build.0 = Release|Any CPU
		{E144AD45-AB4E-4E1E-85A6-D4532E29112C}.Release|ARM.ActiveCfg = Release|Any CPU
		{E144AD45-AB4E-4E1E-85A6-D4532E29112C}.Release|ARM.Build.0 = Release|Any CPU
		{E144AD45-AB4E-4E1E-85A6-D4532E29112C}.Release|x64.ActiveCfg = Release|Any CPU
		{E144AD45-AB4E-4E1E-85A6-D4532E29112C}.Release|x64.Build.0 = Release|Any CPU
		{E144AD45-AB4E-4E1E-85A6-D4532E29112C}.Release|x86.ActiveCfg = Release|Any CPU
		{E144AD45-AB4E-4E1E-85A6-D4532E29112C}.Release|x86.Build.0 = Release|Any CPU
		{386B4544-29B0-4F11-A60F-1036FDE28C1D}.Debug|Any CPU.ActiveCfg = Debug|Any CPU
		{386B4544-29B0-4F11-A60F-1036FDE28C1D}.Debug|Any CPU.Build.0 = Debug|Any CPU
		{386B4544-29B0-4F11-A60F-1036FDE28C1D}.Debug|ARM.ActiveCfg = Debug|Any CPU
		{386B4544-29B0-4F11-A60F-1036FDE28C1D}.Debug|ARM.Build.0 = Debug|Any CPU
		{386B4544-29B0-4F11-A60F-1036FDE28C1D}.Debug|x64.ActiveCfg = Debug|Any CPU
		{386B4544-29B0-4F11-A60F-1036FDE28C1D}.Debug|x64.Build.0 = Debug|Any CPU
		{386B4544-29B0-4F11-A60F-1036FDE28C1D}.Debug|x86.ActiveCfg = Debug|Any CPU
		{386B4544-29B0-4F11-A60F-1036FDE28C1D}.Debug|x86.Build.0 = Debug|Any CPU
		{386B4544-29B0-4F11-A60F-1036FDE28C1D}.Release|Any CPU.ActiveCfg = Release|Any CPU
		{386B4544-29B0-4F11-A60F-1036FDE28C1D}.Release|Any CPU.Build.0 = Release|Any CPU
		{386B4544-29B0-4F11-A60F-1036FDE28C1D}.Release|ARM.ActiveCfg = Release|Any CPU
		{386B4544-29B0-4F11-A60F-1036FDE28C1D}.Release|ARM.Build.0 = Release|Any CPU
		{386B4544-29B0-4F11-A60F-1036FDE28C1D}.Release|x64.ActiveCfg = Release|Any CPU
		{386B4544-29B0-4F11-A60F-1036FDE28C1D}.Release|x64.Build.0 = Release|Any CPU
		{386B4544-29B0-4F11-A60F-1036FDE28C1D}.Release|x86.ActiveCfg = Release|Any CPU
		{386B4544-29B0-4F11-A60F-1036FDE28C1D}.Release|x86.Build.0 = Release|Any CPU
		{D4FFEF9C-24D5-4AD1-9EF0-9388BF578AF3}.Debug|Any CPU.ActiveCfg = Debug|Any CPU
		{D4FFEF9C-24D5-4AD1-9EF0-9388BF578AF3}.Debug|Any CPU.Build.0 = Debug|Any CPU
		{D4FFEF9C-24D5-4AD1-9EF0-9388BF578AF3}.Debug|ARM.ActiveCfg = Debug|Any CPU
		{D4FFEF9C-24D5-4AD1-9EF0-9388BF578AF3}.Debug|ARM.Build.0 = Debug|Any CPU
		{D4FFEF9C-24D5-4AD1-9EF0-9388BF578AF3}.Debug|x64.ActiveCfg = Debug|Any CPU
		{D4FFEF9C-24D5-4AD1-9EF0-9388BF578AF3}.Debug|x64.Build.0 = Debug|Any CPU
		{D4FFEF9C-24D5-4AD1-9EF0-9388BF578AF3}.Debug|x86.ActiveCfg = Debug|Any CPU
		{D4FFEF9C-24D5-4AD1-9EF0-9388BF578AF3}.Debug|x86.Build.0 = Debug|Any CPU
		{D4FFEF9C-24D5-4AD1-9EF0-9388BF578AF3}.Release|Any CPU.ActiveCfg = Release|Any CPU
		{D4FFEF9C-24D5-4AD1-9EF0-9388BF578AF3}.Release|Any CPU.Build.0 = Release|Any CPU
		{D4FFEF9C-24D5-4AD1-9EF0-9388BF578AF3}.Release|ARM.ActiveCfg = Release|Any CPU
		{D4FFEF9C-24D5-4AD1-9EF0-9388BF578AF3}.Release|ARM.Build.0 = Release|Any CPU
		{D4FFEF9C-24D5-4AD1-9EF0-9388BF578AF3}.Release|x64.ActiveCfg = Release|Any CPU
		{D4FFEF9C-24D5-4AD1-9EF0-9388BF578AF3}.Release|x64.Build.0 = Release|Any CPU
		{D4FFEF9C-24D5-4AD1-9EF0-9388BF578AF3}.Release|x86.ActiveCfg = Release|Any CPU
		{D4FFEF9C-24D5-4AD1-9EF0-9388BF578AF3}.Release|x86.Build.0 = Release|Any CPU
		{876BA61E-3CB9-4FC8-9885-BD03938CBCA7}.Debug|Any CPU.ActiveCfg = Debug|Any CPU
		{876BA61E-3CB9-4FC8-9885-BD03938CBCA7}.Debug|Any CPU.Build.0 = Debug|Any CPU
		{876BA61E-3CB9-4FC8-9885-BD03938CBCA7}.Debug|ARM.ActiveCfg = Debug|Any CPU
		{876BA61E-3CB9-4FC8-9885-BD03938CBCA7}.Debug|ARM.Build.0 = Debug|Any CPU
		{876BA61E-3CB9-4FC8-9885-BD03938CBCA7}.Debug|x64.ActiveCfg = Debug|Any CPU
		{876BA61E-3CB9-4FC8-9885-BD03938CBCA7}.Debug|x64.Build.0 = Debug|Any CPU
		{876BA61E-3CB9-4FC8-9885-BD03938CBCA7}.Debug|x86.ActiveCfg = Debug|Any CPU
		{876BA61E-3CB9-4FC8-9885-BD03938CBCA7}.Debug|x86.Build.0 = Debug|Any CPU
		{876BA61E-3CB9-4FC8-9885-BD03938CBCA7}.Release|Any CPU.ActiveCfg = Release|Any CPU
		{876BA61E-3CB9-4FC8-9885-BD03938CBCA7}.Release|Any CPU.Build.0 = Release|Any CPU
		{876BA61E-3CB9-4FC8-9885-BD03938CBCA7}.Release|ARM.ActiveCfg = Release|Any CPU
		{876BA61E-3CB9-4FC8-9885-BD03938CBCA7}.Release|ARM.Build.0 = Release|Any CPU
		{876BA61E-3CB9-4FC8-9885-BD03938CBCA7}.Release|x64.ActiveCfg = Release|Any CPU
		{876BA61E-3CB9-4FC8-9885-BD03938CBCA7}.Release|x64.Build.0 = Release|Any CPU
		{876BA61E-3CB9-4FC8-9885-BD03938CBCA7}.Release|x86.ActiveCfg = Release|Any CPU
		{876BA61E-3CB9-4FC8-9885-BD03938CBCA7}.Release|x86.Build.0 = Release|Any CPU
		{61C4EF73-94A7-4E83-BE96-2AB3701B1202}.Debug|Any CPU.ActiveCfg = Debug|Any CPU
		{61C4EF73-94A7-4E83-BE96-2AB3701B1202}.Debug|Any CPU.Build.0 = Debug|Any CPU
		{61C4EF73-94A7-4E83-BE96-2AB3701B1202}.Debug|ARM.ActiveCfg = Debug|Any CPU
		{61C4EF73-94A7-4E83-BE96-2AB3701B1202}.Debug|ARM.Build.0 = Debug|Any CPU
		{61C4EF73-94A7-4E83-BE96-2AB3701B1202}.Debug|x64.ActiveCfg = Debug|Any CPU
		{61C4EF73-94A7-4E83-BE96-2AB3701B1202}.Debug|x64.Build.0 = Debug|Any CPU
		{61C4EF73-94A7-4E83-BE96-2AB3701B1202}.Debug|x86.ActiveCfg = Debug|Any CPU
		{61C4EF73-94A7-4E83-BE96-2AB3701B1202}.Debug|x86.Build.0 = Debug|Any CPU
		{61C4EF73-94A7-4E83-BE96-2AB3701B1202}.Release|Any CPU.ActiveCfg = Release|Any CPU
		{61C4EF73-94A7-4E83-BE96-2AB3701B1202}.Release|Any CPU.Build.0 = Release|Any CPU
		{61C4EF73-94A7-4E83-BE96-2AB3701B1202}.Release|ARM.ActiveCfg = Release|Any CPU
		{61C4EF73-94A7-4E83-BE96-2AB3701B1202}.Release|ARM.Build.0 = Release|Any CPU
		{61C4EF73-94A7-4E83-BE96-2AB3701B1202}.Release|x64.ActiveCfg = Release|Any CPU
		{61C4EF73-94A7-4E83-BE96-2AB3701B1202}.Release|x64.Build.0 = Release|Any CPU
		{61C4EF73-94A7-4E83-BE96-2AB3701B1202}.Release|x86.ActiveCfg = Release|Any CPU
		{61C4EF73-94A7-4E83-BE96-2AB3701B1202}.Release|x86.Build.0 = Release|Any CPU
		{7D3C54E8-A8CB-4AD2-A7AD-275B329EBF79}.Debug|Any CPU.ActiveCfg = Debug|Any CPU
		{7D3C54E8-A8CB-4AD2-A7AD-275B329EBF79}.Debug|Any CPU.Build.0 = Debug|Any CPU
		{7D3C54E8-A8CB-4AD2-A7AD-275B329EBF79}.Debug|ARM.ActiveCfg = Debug|Any CPU
		{7D3C54E8-A8CB-4AD2-A7AD-275B329EBF79}.Debug|ARM.Build.0 = Debug|Any CPU
		{7D3C54E8-A8CB-4AD2-A7AD-275B329EBF79}.Debug|x64.ActiveCfg = Debug|Any CPU
		{7D3C54E8-A8CB-4AD2-A7AD-275B329EBF79}.Debug|x64.Build.0 = Debug|Any CPU
		{7D3C54E8-A8CB-4AD2-A7AD-275B329EBF79}.Debug|x86.ActiveCfg = Debug|Any CPU
		{7D3C54E8-A8CB-4AD2-A7AD-275B329EBF79}.Debug|x86.Build.0 = Debug|Any CPU
		{7D3C54E8-A8CB-4AD2-A7AD-275B329EBF79}.Release|Any CPU.ActiveCfg = Release|Any CPU
		{7D3C54E8-A8CB-4AD2-A7AD-275B329EBF79}.Release|Any CPU.Build.0 = Release|Any CPU
		{7D3C54E8-A8CB-4AD2-A7AD-275B329EBF79}.Release|ARM.ActiveCfg = Release|Any CPU
		{7D3C54E8-A8CB-4AD2-A7AD-275B329EBF79}.Release|ARM.Build.0 = Release|Any CPU
		{7D3C54E8-A8CB-4AD2-A7AD-275B329EBF79}.Release|x64.ActiveCfg = Release|Any CPU
		{7D3C54E8-A8CB-4AD2-A7AD-275B329EBF79}.Release|x64.Build.0 = Release|Any CPU
		{7D3C54E8-A8CB-4AD2-A7AD-275B329EBF79}.Release|x86.ActiveCfg = Release|Any CPU
		{7D3C54E8-A8CB-4AD2-A7AD-275B329EBF79}.Release|x86.Build.0 = Release|Any CPU
		{165E9399-F02D-4B5F-B5F5-28649CA04EE4}.Debug|Any CPU.ActiveCfg = Debug|Any CPU
		{165E9399-F02D-4B5F-B5F5-28649CA04EE4}.Debug|Any CPU.Build.0 = Debug|Any CPU
		{165E9399-F02D-4B5F-B5F5-28649CA04EE4}.Debug|ARM.ActiveCfg = Debug|Any CPU
		{165E9399-F02D-4B5F-B5F5-28649CA04EE4}.Debug|ARM.Build.0 = Debug|Any CPU
		{165E9399-F02D-4B5F-B5F5-28649CA04EE4}.Debug|x64.ActiveCfg = Debug|Any CPU
		{165E9399-F02D-4B5F-B5F5-28649CA04EE4}.Debug|x64.Build.0 = Debug|Any CPU
		{165E9399-F02D-4B5F-B5F5-28649CA04EE4}.Debug|x86.ActiveCfg = Debug|Any CPU
		{165E9399-F02D-4B5F-B5F5-28649CA04EE4}.Debug|x86.Build.0 = Debug|Any CPU
		{165E9399-F02D-4B5F-B5F5-28649CA04EE4}.Release|Any CPU.ActiveCfg = Release|Any CPU
		{165E9399-F02D-4B5F-B5F5-28649CA04EE4}.Release|Any CPU.Build.0 = Release|Any CPU
		{165E9399-F02D-4B5F-B5F5-28649CA04EE4}.Release|ARM.ActiveCfg = Release|Any CPU
		{165E9399-F02D-4B5F-B5F5-28649CA04EE4}.Release|ARM.Build.0 = Release|Any CPU
		{165E9399-F02D-4B5F-B5F5-28649CA04EE4}.Release|x64.ActiveCfg = Release|Any CPU
		{165E9399-F02D-4B5F-B5F5-28649CA04EE4}.Release|x64.Build.0 = Release|Any CPU
		{165E9399-F02D-4B5F-B5F5-28649CA04EE4}.Release|x86.ActiveCfg = Release|Any CPU
		{165E9399-F02D-4B5F-B5F5-28649CA04EE4}.Release|x86.Build.0 = Release|Any CPU
		{A9E19AFC-A510-4594-AEB7-1F675A64A15B}.Debug|Any CPU.ActiveCfg = Debug|Any CPU
		{A9E19AFC-A510-4594-AEB7-1F675A64A15B}.Debug|Any CPU.Build.0 = Debug|Any CPU
		{A9E19AFC-A510-4594-AEB7-1F675A64A15B}.Debug|ARM.ActiveCfg = Debug|Any CPU
		{A9E19AFC-A510-4594-AEB7-1F675A64A15B}.Debug|ARM.Build.0 = Debug|Any CPU
		{A9E19AFC-A510-4594-AEB7-1F675A64A15B}.Debug|x64.ActiveCfg = Debug|Any CPU
		{A9E19AFC-A510-4594-AEB7-1F675A64A15B}.Debug|x64.Build.0 = Debug|Any CPU
		{A9E19AFC-A510-4594-AEB7-1F675A64A15B}.Debug|x86.ActiveCfg = Debug|Any CPU
		{A9E19AFC-A510-4594-AEB7-1F675A64A15B}.Debug|x86.Build.0 = Debug|Any CPU
		{A9E19AFC-A510-4594-AEB7-1F675A64A15B}.Release|Any CPU.ActiveCfg = Release|Any CPU
		{A9E19AFC-A510-4594-AEB7-1F675A64A15B}.Release|Any CPU.Build.0 = Release|Any CPU
		{A9E19AFC-A510-4594-AEB7-1F675A64A15B}.Release|ARM.ActiveCfg = Release|Any CPU
		{A9E19AFC-A510-4594-AEB7-1F675A64A15B}.Release|ARM.Build.0 = Release|Any CPU
		{A9E19AFC-A510-4594-AEB7-1F675A64A15B}.Release|x64.ActiveCfg = Release|Any CPU
		{A9E19AFC-A510-4594-AEB7-1F675A64A15B}.Release|x64.Build.0 = Release|Any CPU
		{A9E19AFC-A510-4594-AEB7-1F675A64A15B}.Release|x86.ActiveCfg = Release|Any CPU
		{A9E19AFC-A510-4594-AEB7-1F675A64A15B}.Release|x86.Build.0 = Release|Any CPU
		{1863BE9C-F41B-45D0-9C56-70A2A069E36D}.Debug|Any CPU.ActiveCfg = Debug|Any CPU
		{1863BE9C-F41B-45D0-9C56-70A2A069E36D}.Debug|Any CPU.Build.0 = Debug|Any CPU
		{1863BE9C-F41B-45D0-9C56-70A2A069E36D}.Debug|ARM.ActiveCfg = Debug|Any CPU
		{1863BE9C-F41B-45D0-9C56-70A2A069E36D}.Debug|ARM.Build.0 = Debug|Any CPU
		{1863BE9C-F41B-45D0-9C56-70A2A069E36D}.Debug|x64.ActiveCfg = Debug|Any CPU
		{1863BE9C-F41B-45D0-9C56-70A2A069E36D}.Debug|x64.Build.0 = Debug|Any CPU
		{1863BE9C-F41B-45D0-9C56-70A2A069E36D}.Debug|x86.ActiveCfg = Debug|Any CPU
		{1863BE9C-F41B-45D0-9C56-70A2A069E36D}.Debug|x86.Build.0 = Debug|Any CPU
		{1863BE9C-F41B-45D0-9C56-70A2A069E36D}.Release|Any CPU.ActiveCfg = Release|Any CPU
		{1863BE9C-F41B-45D0-9C56-70A2A069E36D}.Release|Any CPU.Build.0 = Release|Any CPU
		{1863BE9C-F41B-45D0-9C56-70A2A069E36D}.Release|ARM.ActiveCfg = Release|Any CPU
		{1863BE9C-F41B-45D0-9C56-70A2A069E36D}.Release|ARM.Build.0 = Release|Any CPU
		{1863BE9C-F41B-45D0-9C56-70A2A069E36D}.Release|x64.ActiveCfg = Release|Any CPU
		{1863BE9C-F41B-45D0-9C56-70A2A069E36D}.Release|x64.Build.0 = Release|Any CPU
		{1863BE9C-F41B-45D0-9C56-70A2A069E36D}.Release|x86.ActiveCfg = Release|Any CPU
		{1863BE9C-F41B-45D0-9C56-70A2A069E36D}.Release|x86.Build.0 = Release|Any CPU
		{17B34CB1-31A1-4708-A164-C8C1939DA7BC}.Debug|Any CPU.ActiveCfg = Debug|Any CPU
		{17B34CB1-31A1-4708-A164-C8C1939DA7BC}.Debug|Any CPU.Build.0 = Debug|Any CPU
		{17B34CB1-31A1-4708-A164-C8C1939DA7BC}.Debug|ARM.ActiveCfg = Debug|Any CPU
		{17B34CB1-31A1-4708-A164-C8C1939DA7BC}.Debug|ARM.Build.0 = Debug|Any CPU
		{17B34CB1-31A1-4708-A164-C8C1939DA7BC}.Debug|x64.ActiveCfg = Debug|Any CPU
		{17B34CB1-31A1-4708-A164-C8C1939DA7BC}.Debug|x64.Build.0 = Debug|Any CPU
		{17B34CB1-31A1-4708-A164-C8C1939DA7BC}.Debug|x86.ActiveCfg = Debug|Any CPU
		{17B34CB1-31A1-4708-A164-C8C1939DA7BC}.Debug|x86.Build.0 = Debug|Any CPU
		{17B34CB1-31A1-4708-A164-C8C1939DA7BC}.Release|Any CPU.ActiveCfg = Release|Any CPU
		{17B34CB1-31A1-4708-A164-C8C1939DA7BC}.Release|Any CPU.Build.0 = Release|Any CPU
		{17B34CB1-31A1-4708-A164-C8C1939DA7BC}.Release|ARM.ActiveCfg = Release|Any CPU
		{17B34CB1-31A1-4708-A164-C8C1939DA7BC}.Release|ARM.Build.0 = Release|Any CPU
		{17B34CB1-31A1-4708-A164-C8C1939DA7BC}.Release|x64.ActiveCfg = Release|Any CPU
		{17B34CB1-31A1-4708-A164-C8C1939DA7BC}.Release|x64.Build.0 = Release|Any CPU
		{17B34CB1-31A1-4708-A164-C8C1939DA7BC}.Release|x86.ActiveCfg = Release|Any CPU
		{17B34CB1-31A1-4708-A164-C8C1939DA7BC}.Release|x86.Build.0 = Release|Any CPU
		{04BE66CE-3CC9-4EA3-8251-3BC1B2E5AF4B}.Debug|Any CPU.ActiveCfg = Debug|Any CPU
		{04BE66CE-3CC9-4EA3-8251-3BC1B2E5AF4B}.Debug|Any CPU.Build.0 = Debug|Any CPU
		{04BE66CE-3CC9-4EA3-8251-3BC1B2E5AF4B}.Debug|ARM.ActiveCfg = Debug|Any CPU
		{04BE66CE-3CC9-4EA3-8251-3BC1B2E5AF4B}.Debug|ARM.Build.0 = Debug|Any CPU
		{04BE66CE-3CC9-4EA3-8251-3BC1B2E5AF4B}.Debug|x64.ActiveCfg = Debug|Any CPU
		{04BE66CE-3CC9-4EA3-8251-3BC1B2E5AF4B}.Debug|x64.Build.0 = Debug|Any CPU
		{04BE66CE-3CC9-4EA3-8251-3BC1B2E5AF4B}.Debug|x86.ActiveCfg = Debug|Any CPU
		{04BE66CE-3CC9-4EA3-8251-3BC1B2E5AF4B}.Debug|x86.Build.0 = Debug|Any CPU
		{04BE66CE-3CC9-4EA3-8251-3BC1B2E5AF4B}.Release|Any CPU.ActiveCfg = Release|Any CPU
		{04BE66CE-3CC9-4EA3-8251-3BC1B2E5AF4B}.Release|Any CPU.Build.0 = Release|Any CPU
		{04BE66CE-3CC9-4EA3-8251-3BC1B2E5AF4B}.Release|ARM.ActiveCfg = Release|Any CPU
		{04BE66CE-3CC9-4EA3-8251-3BC1B2E5AF4B}.Release|ARM.Build.0 = Release|Any CPU
		{04BE66CE-3CC9-4EA3-8251-3BC1B2E5AF4B}.Release|x64.ActiveCfg = Release|Any CPU
		{04BE66CE-3CC9-4EA3-8251-3BC1B2E5AF4B}.Release|x64.Build.0 = Release|Any CPU
		{04BE66CE-3CC9-4EA3-8251-3BC1B2E5AF4B}.Release|x86.ActiveCfg = Release|Any CPU
		{04BE66CE-3CC9-4EA3-8251-3BC1B2E5AF4B}.Release|x86.Build.0 = Release|Any CPU
		{33A63A92-6BDA-45E6-BA0E-0E0785DE6F5A}.Debug|Any CPU.ActiveCfg = Debug|Any CPU
		{33A63A92-6BDA-45E6-BA0E-0E0785DE6F5A}.Debug|Any CPU.Build.0 = Debug|Any CPU
		{33A63A92-6BDA-45E6-BA0E-0E0785DE6F5A}.Debug|ARM.ActiveCfg = Debug|Any CPU
		{33A63A92-6BDA-45E6-BA0E-0E0785DE6F5A}.Debug|ARM.Build.0 = Debug|Any CPU
		{33A63A92-6BDA-45E6-BA0E-0E0785DE6F5A}.Debug|x64.ActiveCfg = Debug|x64
		{33A63A92-6BDA-45E6-BA0E-0E0785DE6F5A}.Debug|x64.Build.0 = Debug|x64
		{33A63A92-6BDA-45E6-BA0E-0E0785DE6F5A}.Debug|x86.ActiveCfg = Debug|Any CPU
		{33A63A92-6BDA-45E6-BA0E-0E0785DE6F5A}.Debug|x86.Build.0 = Debug|Any CPU
		{33A63A92-6BDA-45E6-BA0E-0E0785DE6F5A}.Release|Any CPU.ActiveCfg = Release|Any CPU
		{33A63A92-6BDA-45E6-BA0E-0E0785DE6F5A}.Release|Any CPU.Build.0 = Release|Any CPU
		{33A63A92-6BDA-45E6-BA0E-0E0785DE6F5A}.Release|ARM.ActiveCfg = Release|Any CPU
		{33A63A92-6BDA-45E6-BA0E-0E0785DE6F5A}.Release|ARM.Build.0 = Release|Any CPU
		{33A63A92-6BDA-45E6-BA0E-0E0785DE6F5A}.Release|x64.ActiveCfg = Release|x64
		{33A63A92-6BDA-45E6-BA0E-0E0785DE6F5A}.Release|x64.Build.0 = Release|x64
		{33A63A92-6BDA-45E6-BA0E-0E0785DE6F5A}.Release|x86.ActiveCfg = Release|Any CPU
		{33A63A92-6BDA-45E6-BA0E-0E0785DE6F5A}.Release|x86.Build.0 = Release|Any CPU
		{3AAF91A6-56E2-4E25-89F6-4D10193D4B8F}.Debug|Any CPU.ActiveCfg = Debug|Any CPU
		{3AAF91A6-56E2-4E25-89F6-4D10193D4B8F}.Debug|Any CPU.Build.0 = Debug|Any CPU
		{3AAF91A6-56E2-4E25-89F6-4D10193D4B8F}.Debug|ARM.ActiveCfg = Debug|Any CPU
		{3AAF91A6-56E2-4E25-89F6-4D10193D4B8F}.Debug|ARM.Build.0 = Debug|Any CPU
		{3AAF91A6-56E2-4E25-89F6-4D10193D4B8F}.Debug|x64.ActiveCfg = Debug|x64
		{3AAF91A6-56E2-4E25-89F6-4D10193D4B8F}.Debug|x64.Build.0 = Debug|x64
		{3AAF91A6-56E2-4E25-89F6-4D10193D4B8F}.Debug|x86.ActiveCfg = Debug|Any CPU
		{3AAF91A6-56E2-4E25-89F6-4D10193D4B8F}.Debug|x86.Build.0 = Debug|Any CPU
		{3AAF91A6-56E2-4E25-89F6-4D10193D4B8F}.Release|Any CPU.ActiveCfg = Release|Any CPU
		{3AAF91A6-56E2-4E25-89F6-4D10193D4B8F}.Release|Any CPU.Build.0 = Release|Any CPU
		{3AAF91A6-56E2-4E25-89F6-4D10193D4B8F}.Release|ARM.ActiveCfg = Release|Any CPU
		{3AAF91A6-56E2-4E25-89F6-4D10193D4B8F}.Release|ARM.Build.0 = Release|Any CPU
		{3AAF91A6-56E2-4E25-89F6-4D10193D4B8F}.Release|x64.ActiveCfg = Release|x64
		{3AAF91A6-56E2-4E25-89F6-4D10193D4B8F}.Release|x64.Build.0 = Release|x64
		{3AAF91A6-56E2-4E25-89F6-4D10193D4B8F}.Release|x86.ActiveCfg = Release|Any CPU
		{3AAF91A6-56E2-4E25-89F6-4D10193D4B8F}.Release|x86.Build.0 = Release|Any CPU
		{89523679-6D9C-4B67-8838-C1A0CE92BE6C}.Debug|Any CPU.ActiveCfg = Debug|Any CPU
		{89523679-6D9C-4B67-8838-C1A0CE92BE6C}.Debug|Any CPU.Build.0 = Debug|Any CPU
		{89523679-6D9C-4B67-8838-C1A0CE92BE6C}.Debug|ARM.ActiveCfg = Debug|Any CPU
		{89523679-6D9C-4B67-8838-C1A0CE92BE6C}.Debug|x64.ActiveCfg = Debug|Any CPU
		{89523679-6D9C-4B67-8838-C1A0CE92BE6C}.Debug|x86.ActiveCfg = Debug|Any CPU
		{89523679-6D9C-4B67-8838-C1A0CE92BE6C}.Debug|x86.Build.0 = Debug|Any CPU
		{89523679-6D9C-4B67-8838-C1A0CE92BE6C}.Release|Any CPU.ActiveCfg = Release|Any CPU
		{89523679-6D9C-4B67-8838-C1A0CE92BE6C}.Release|Any CPU.Build.0 = Release|Any CPU
		{89523679-6D9C-4B67-8838-C1A0CE92BE6C}.Release|ARM.ActiveCfg = Release|Any CPU
		{89523679-6D9C-4B67-8838-C1A0CE92BE6C}.Release|x64.ActiveCfg = Release|Any CPU
		{89523679-6D9C-4B67-8838-C1A0CE92BE6C}.Release|x86.ActiveCfg = Release|Any CPU
		{89523679-6D9C-4B67-8838-C1A0CE92BE6C}.Release|x86.Build.0 = Release|Any CPU
		{3C6E3A24-468D-42E0-A5FC-9B68003A9807}.Debug|Any CPU.ActiveCfg = Debug|Any CPU
		{3C6E3A24-468D-42E0-A5FC-9B68003A9807}.Debug|Any CPU.Build.0 = Debug|Any CPU
		{3C6E3A24-468D-42E0-A5FC-9B68003A9807}.Debug|ARM.ActiveCfg = Debug|Any CPU
		{3C6E3A24-468D-42E0-A5FC-9B68003A9807}.Debug|x64.ActiveCfg = Debug|Any CPU
		{3C6E3A24-468D-42E0-A5FC-9B68003A9807}.Debug|x86.ActiveCfg = Debug|Any CPU
		{3C6E3A24-468D-42E0-A5FC-9B68003A9807}.Debug|x86.Build.0 = Debug|Any CPU
		{3C6E3A24-468D-42E0-A5FC-9B68003A9807}.Release|Any CPU.ActiveCfg = Release|Any CPU
		{3C6E3A24-468D-42E0-A5FC-9B68003A9807}.Release|Any CPU.Build.0 = Release|Any CPU
		{3C6E3A24-468D-42E0-A5FC-9B68003A9807}.Release|ARM.ActiveCfg = Release|Any CPU
		{3C6E3A24-468D-42E0-A5FC-9B68003A9807}.Release|x64.ActiveCfg = Release|Any CPU
		{3C6E3A24-468D-42E0-A5FC-9B68003A9807}.Release|x86.ActiveCfg = Release|Any CPU
		{3C6E3A24-468D-42E0-A5FC-9B68003A9807}.Release|x86.Build.0 = Release|Any CPU
		{DF50FF02-2573-403D-95F3-3D7B49BBD17B}.Debug|Any CPU.ActiveCfg = Debug|Any CPU
		{DF50FF02-2573-403D-95F3-3D7B49BBD17B}.Debug|Any CPU.Build.0 = Debug|Any CPU
		{DF50FF02-2573-403D-95F3-3D7B49BBD17B}.Debug|ARM.ActiveCfg = Debug|Any CPU
		{DF50FF02-2573-403D-95F3-3D7B49BBD17B}.Debug|ARM.Build.0 = Debug|Any CPU
		{DF50FF02-2573-403D-95F3-3D7B49BBD17B}.Debug|x64.ActiveCfg = Debug|Any CPU
		{DF50FF02-2573-403D-95F3-3D7B49BBD17B}.Debug|x64.Build.0 = Debug|Any CPU
		{DF50FF02-2573-403D-95F3-3D7B49BBD17B}.Debug|x86.ActiveCfg = Debug|Any CPU
		{DF50FF02-2573-403D-95F3-3D7B49BBD17B}.Debug|x86.Build.0 = Debug|Any CPU
		{DF50FF02-2573-403D-95F3-3D7B49BBD17B}.Release|Any CPU.ActiveCfg = Release|Any CPU
		{DF50FF02-2573-403D-95F3-3D7B49BBD17B}.Release|Any CPU.Build.0 = Release|Any CPU
		{DF50FF02-2573-403D-95F3-3D7B49BBD17B}.Release|ARM.ActiveCfg = Release|Any CPU
		{DF50FF02-2573-403D-95F3-3D7B49BBD17B}.Release|ARM.Build.0 = Release|Any CPU
		{DF50FF02-2573-403D-95F3-3D7B49BBD17B}.Release|x64.ActiveCfg = Release|Any CPU
		{DF50FF02-2573-403D-95F3-3D7B49BBD17B}.Release|x64.Build.0 = Release|Any CPU
		{DF50FF02-2573-403D-95F3-3D7B49BBD17B}.Release|x86.ActiveCfg = Release|Any CPU
		{DF50FF02-2573-403D-95F3-3D7B49BBD17B}.Release|x86.Build.0 = Release|Any CPU
		{90F8988F-3354-4F27-9024-6D2CA13BE18A}.Debug|Any CPU.ActiveCfg = Debug|Any CPU
		{90F8988F-3354-4F27-9024-6D2CA13BE18A}.Debug|Any CPU.Build.0 = Debug|Any CPU
		{90F8988F-3354-4F27-9024-6D2CA13BE18A}.Debug|ARM.ActiveCfg = Debug|Any CPU
		{90F8988F-3354-4F27-9024-6D2CA13BE18A}.Debug|ARM.Build.0 = Debug|Any CPU
		{90F8988F-3354-4F27-9024-6D2CA13BE18A}.Debug|x64.ActiveCfg = Debug|Any CPU
		{90F8988F-3354-4F27-9024-6D2CA13BE18A}.Debug|x64.Build.0 = Debug|Any CPU
		{90F8988F-3354-4F27-9024-6D2CA13BE18A}.Debug|x86.ActiveCfg = Debug|Any CPU
		{90F8988F-3354-4F27-9024-6D2CA13BE18A}.Debug|x86.Build.0 = Debug|Any CPU
		{90F8988F-3354-4F27-9024-6D2CA13BE18A}.Release|Any CPU.ActiveCfg = Release|Any CPU
		{90F8988F-3354-4F27-9024-6D2CA13BE18A}.Release|Any CPU.Build.0 = Release|Any CPU
		{90F8988F-3354-4F27-9024-6D2CA13BE18A}.Release|ARM.ActiveCfg = Release|Any CPU
		{90F8988F-3354-4F27-9024-6D2CA13BE18A}.Release|ARM.Build.0 = Release|Any CPU
		{90F8988F-3354-4F27-9024-6D2CA13BE18A}.Release|x64.ActiveCfg = Release|Any CPU
		{90F8988F-3354-4F27-9024-6D2CA13BE18A}.Release|x64.Build.0 = Release|Any CPU
		{90F8988F-3354-4F27-9024-6D2CA13BE18A}.Release|x86.ActiveCfg = Release|Any CPU
		{90F8988F-3354-4F27-9024-6D2CA13BE18A}.Release|x86.Build.0 = Release|Any CPU
		{60669267-C598-405C-A8BA-3A5676D98465}.Debug|Any CPU.ActiveCfg = Debug|Any CPU
		{60669267-C598-405C-A8BA-3A5676D98465}.Debug|Any CPU.Build.0 = Debug|Any CPU
		{60669267-C598-405C-A8BA-3A5676D98465}.Debug|ARM.ActiveCfg = Debug|Any CPU
		{60669267-C598-405C-A8BA-3A5676D98465}.Debug|ARM.Build.0 = Debug|Any CPU
		{60669267-C598-405C-A8BA-3A5676D98465}.Debug|x64.ActiveCfg = Debug|Any CPU
		{60669267-C598-405C-A8BA-3A5676D98465}.Debug|x64.Build.0 = Debug|Any CPU
		{60669267-C598-405C-A8BA-3A5676D98465}.Debug|x86.ActiveCfg = Debug|Any CPU
		{60669267-C598-405C-A8BA-3A5676D98465}.Debug|x86.Build.0 = Debug|Any CPU
		{60669267-C598-405C-A8BA-3A5676D98465}.Release|Any CPU.ActiveCfg = Release|Any CPU
		{60669267-C598-405C-A8BA-3A5676D98465}.Release|Any CPU.Build.0 = Release|Any CPU
		{60669267-C598-405C-A8BA-3A5676D98465}.Release|ARM.ActiveCfg = Release|Any CPU
		{60669267-C598-405C-A8BA-3A5676D98465}.Release|ARM.Build.0 = Release|Any CPU
		{60669267-C598-405C-A8BA-3A5676D98465}.Release|x64.ActiveCfg = Release|Any CPU
		{60669267-C598-405C-A8BA-3A5676D98465}.Release|x64.Build.0 = Release|Any CPU
		{60669267-C598-405C-A8BA-3A5676D98465}.Release|x86.ActiveCfg = Release|Any CPU
		{60669267-C598-405C-A8BA-3A5676D98465}.Release|x86.Build.0 = Release|Any CPU
		{1E930A2C-A8D7-4BAC-A71D-6699901FC938}.Debug|Any CPU.ActiveCfg = Debug|Any CPU
		{1E930A2C-A8D7-4BAC-A71D-6699901FC938}.Debug|Any CPU.Build.0 = Debug|Any CPU
		{1E930A2C-A8D7-4BAC-A71D-6699901FC938}.Debug|ARM.ActiveCfg = Debug|Any CPU
		{1E930A2C-A8D7-4BAC-A71D-6699901FC938}.Debug|ARM.Build.0 = Debug|Any CPU
		{1E930A2C-A8D7-4BAC-A71D-6699901FC938}.Debug|x64.ActiveCfg = Debug|Any CPU
		{1E930A2C-A8D7-4BAC-A71D-6699901FC938}.Debug|x64.Build.0 = Debug|Any CPU
		{1E930A2C-A8D7-4BAC-A71D-6699901FC938}.Debug|x86.ActiveCfg = Debug|Any CPU
		{1E930A2C-A8D7-4BAC-A71D-6699901FC938}.Debug|x86.Build.0 = Debug|Any CPU
		{1E930A2C-A8D7-4BAC-A71D-6699901FC938}.Release|Any CPU.ActiveCfg = Release|Any CPU
		{1E930A2C-A8D7-4BAC-A71D-6699901FC938}.Release|Any CPU.Build.0 = Release|Any CPU
		{1E930A2C-A8D7-4BAC-A71D-6699901FC938}.Release|ARM.ActiveCfg = Release|Any CPU
		{1E930A2C-A8D7-4BAC-A71D-6699901FC938}.Release|ARM.Build.0 = Release|Any CPU
		{1E930A2C-A8D7-4BAC-A71D-6699901FC938}.Release|x64.ActiveCfg = Release|Any CPU
		{1E930A2C-A8D7-4BAC-A71D-6699901FC938}.Release|x64.Build.0 = Release|Any CPU
		{1E930A2C-A8D7-4BAC-A71D-6699901FC938}.Release|x86.ActiveCfg = Release|Any CPU
		{1E930A2C-A8D7-4BAC-A71D-6699901FC938}.Release|x86.Build.0 = Release|Any CPU
		{7F305CF0-1FE1-48EC-B323-E0F525036EC5}.Debug|Any CPU.ActiveCfg = Debug|Any CPU
		{7F305CF0-1FE1-48EC-B323-E0F525036EC5}.Debug|Any CPU.Build.0 = Debug|Any CPU
		{7F305CF0-1FE1-48EC-B323-E0F525036EC5}.Debug|ARM.ActiveCfg = Debug|Any CPU
		{7F305CF0-1FE1-48EC-B323-E0F525036EC5}.Debug|ARM.Build.0 = Debug|Any CPU
		{7F305CF0-1FE1-48EC-B323-E0F525036EC5}.Debug|x64.ActiveCfg = Debug|x64
		{7F305CF0-1FE1-48EC-B323-E0F525036EC5}.Debug|x64.Build.0 = Debug|x64
		{7F305CF0-1FE1-48EC-B323-E0F525036EC5}.Debug|x86.ActiveCfg = Debug|Any CPU
		{7F305CF0-1FE1-48EC-B323-E0F525036EC5}.Debug|x86.Build.0 = Debug|Any CPU
		{7F305CF0-1FE1-48EC-B323-E0F525036EC5}.Release|Any CPU.ActiveCfg = Release|Any CPU
		{7F305CF0-1FE1-48EC-B323-E0F525036EC5}.Release|Any CPU.Build.0 = Release|Any CPU
		{7F305CF0-1FE1-48EC-B323-E0F525036EC5}.Release|ARM.ActiveCfg = Release|Any CPU
		{7F305CF0-1FE1-48EC-B323-E0F525036EC5}.Release|ARM.Build.0 = Release|Any CPU
		{7F305CF0-1FE1-48EC-B323-E0F525036EC5}.Release|x64.ActiveCfg = Release|x64
		{7F305CF0-1FE1-48EC-B323-E0F525036EC5}.Release|x64.Build.0 = Release|x64
		{7F305CF0-1FE1-48EC-B323-E0F525036EC5}.Release|x86.ActiveCfg = Release|Any CPU
		{7F305CF0-1FE1-48EC-B323-E0F525036EC5}.Release|x86.Build.0 = Release|Any CPU
		{1CF43787-10BE-4DFE-98B3-932CC20A11BE}.Debug|Any CPU.ActiveCfg = Debug|Any CPU
		{1CF43787-10BE-4DFE-98B3-932CC20A11BE}.Debug|Any CPU.Build.0 = Debug|Any CPU
		{1CF43787-10BE-4DFE-98B3-932CC20A11BE}.Debug|ARM.ActiveCfg = Debug|Any CPU
		{1CF43787-10BE-4DFE-98B3-932CC20A11BE}.Debug|ARM.Build.0 = Debug|Any CPU
		{1CF43787-10BE-4DFE-98B3-932CC20A11BE}.Debug|x64.ActiveCfg = Debug|Any CPU
		{1CF43787-10BE-4DFE-98B3-932CC20A11BE}.Debug|x64.Build.0 = Debug|Any CPU
		{1CF43787-10BE-4DFE-98B3-932CC20A11BE}.Debug|x86.ActiveCfg = Debug|Any CPU
		{1CF43787-10BE-4DFE-98B3-932CC20A11BE}.Debug|x86.Build.0 = Debug|Any CPU
		{1CF43787-10BE-4DFE-98B3-932CC20A11BE}.Release|Any CPU.ActiveCfg = Release|Any CPU
		{1CF43787-10BE-4DFE-98B3-932CC20A11BE}.Release|Any CPU.Build.0 = Release|Any CPU
		{1CF43787-10BE-4DFE-98B3-932CC20A11BE}.Release|ARM.ActiveCfg = Release|Any CPU
		{1CF43787-10BE-4DFE-98B3-932CC20A11BE}.Release|ARM.Build.0 = Release|Any CPU
		{1CF43787-10BE-4DFE-98B3-932CC20A11BE}.Release|x64.ActiveCfg = Release|Any CPU
		{1CF43787-10BE-4DFE-98B3-932CC20A11BE}.Release|x64.Build.0 = Release|Any CPU
		{1CF43787-10BE-4DFE-98B3-932CC20A11BE}.Release|x86.ActiveCfg = Release|Any CPU
		{1CF43787-10BE-4DFE-98B3-932CC20A11BE}.Release|x86.Build.0 = Release|Any CPU
		{EAFD574F-061E-45BC-B9F4-04C3F5E73990}.Debug|Any CPU.ActiveCfg = Debug|Any CPU
		{EAFD574F-061E-45BC-B9F4-04C3F5E73990}.Debug|Any CPU.Build.0 = Debug|Any CPU
		{EAFD574F-061E-45BC-B9F4-04C3F5E73990}.Debug|ARM.ActiveCfg = Debug|Any CPU
		{EAFD574F-061E-45BC-B9F4-04C3F5E73990}.Debug|ARM.Build.0 = Debug|Any CPU
		{EAFD574F-061E-45BC-B9F4-04C3F5E73990}.Debug|x64.ActiveCfg = Debug|Any CPU
		{EAFD574F-061E-45BC-B9F4-04C3F5E73990}.Debug|x64.Build.0 = Debug|Any CPU
		{EAFD574F-061E-45BC-B9F4-04C3F5E73990}.Debug|x86.ActiveCfg = Debug|Any CPU
		{EAFD574F-061E-45BC-B9F4-04C3F5E73990}.Debug|x86.Build.0 = Debug|Any CPU
		{EAFD574F-061E-45BC-B9F4-04C3F5E73990}.Release|Any CPU.ActiveCfg = Debug|Any CPU
		{EAFD574F-061E-45BC-B9F4-04C3F5E73990}.Release|Any CPU.Build.0 = Debug|Any CPU
		{EAFD574F-061E-45BC-B9F4-04C3F5E73990}.Release|ARM.ActiveCfg = Debug|Any CPU
		{EAFD574F-061E-45BC-B9F4-04C3F5E73990}.Release|ARM.Build.0 = Debug|Any CPU
		{EAFD574F-061E-45BC-B9F4-04C3F5E73990}.Release|x64.ActiveCfg = Debug|Any CPU
		{EAFD574F-061E-45BC-B9F4-04C3F5E73990}.Release|x64.Build.0 = Debug|Any CPU
		{EAFD574F-061E-45BC-B9F4-04C3F5E73990}.Release|x86.ActiveCfg = Debug|Any CPU
		{EAFD574F-061E-45BC-B9F4-04C3F5E73990}.Release|x86.Build.0 = Debug|Any CPU
		{6D7BBDF4-0648-4DEA-A7F1-27B22759F4B1}.Debug|Any CPU.ActiveCfg = Debug|Any CPU
		{6D7BBDF4-0648-4DEA-A7F1-27B22759F4B1}.Debug|Any CPU.Build.0 = Debug|Any CPU
		{6D7BBDF4-0648-4DEA-A7F1-27B22759F4B1}.Debug|ARM.ActiveCfg = Debug|Any CPU
		{6D7BBDF4-0648-4DEA-A7F1-27B22759F4B1}.Debug|ARM.Build.0 = Debug|Any CPU
		{6D7BBDF4-0648-4DEA-A7F1-27B22759F4B1}.Debug|x64.ActiveCfg = Debug|Any CPU
		{6D7BBDF4-0648-4DEA-A7F1-27B22759F4B1}.Debug|x64.Build.0 = Debug|Any CPU
		{6D7BBDF4-0648-4DEA-A7F1-27B22759F4B1}.Debug|x86.ActiveCfg = Debug|Any CPU
		{6D7BBDF4-0648-4DEA-A7F1-27B22759F4B1}.Debug|x86.Build.0 = Debug|Any CPU
		{6D7BBDF4-0648-4DEA-A7F1-27B22759F4B1}.Release|Any CPU.ActiveCfg = Release|Any CPU
		{6D7BBDF4-0648-4DEA-A7F1-27B22759F4B1}.Release|Any CPU.Build.0 = Release|Any CPU
		{6D7BBDF4-0648-4DEA-A7F1-27B22759F4B1}.Release|ARM.ActiveCfg = Release|Any CPU
		{6D7BBDF4-0648-4DEA-A7F1-27B22759F4B1}.Release|ARM.Build.0 = Release|Any CPU
		{6D7BBDF4-0648-4DEA-A7F1-27B22759F4B1}.Release|x64.ActiveCfg = Release|Any CPU
		{6D7BBDF4-0648-4DEA-A7F1-27B22759F4B1}.Release|x64.Build.0 = Release|Any CPU
		{6D7BBDF4-0648-4DEA-A7F1-27B22759F4B1}.Release|x86.ActiveCfg = Release|Any CPU
		{6D7BBDF4-0648-4DEA-A7F1-27B22759F4B1}.Release|x86.Build.0 = Release|Any CPU
		{706F2DA5-32D6-4F5E-B7FE-21A5D2E8F840}.Debug|Any CPU.ActiveCfg = Debug|Any CPU
		{706F2DA5-32D6-4F5E-B7FE-21A5D2E8F840}.Debug|Any CPU.Build.0 = Debug|Any CPU
		{706F2DA5-32D6-4F5E-B7FE-21A5D2E8F840}.Debug|ARM.ActiveCfg = Debug|Any CPU
		{706F2DA5-32D6-4F5E-B7FE-21A5D2E8F840}.Debug|ARM.Build.0 = Debug|Any CPU
		{706F2DA5-32D6-4F5E-B7FE-21A5D2E8F840}.Debug|x64.ActiveCfg = Debug|Any CPU
		{706F2DA5-32D6-4F5E-B7FE-21A5D2E8F840}.Debug|x64.Build.0 = Debug|Any CPU
		{706F2DA5-32D6-4F5E-B7FE-21A5D2E8F840}.Debug|x86.ActiveCfg = Debug|Any CPU
		{706F2DA5-32D6-4F5E-B7FE-21A5D2E8F840}.Debug|x86.Build.0 = Debug|Any CPU
		{706F2DA5-32D6-4F5E-B7FE-21A5D2E8F840}.Release|Any CPU.ActiveCfg = Debug|Any CPU
		{706F2DA5-32D6-4F5E-B7FE-21A5D2E8F840}.Release|Any CPU.Build.0 = Debug|Any CPU
		{706F2DA5-32D6-4F5E-B7FE-21A5D2E8F840}.Release|ARM.ActiveCfg = Debug|Any CPU
		{706F2DA5-32D6-4F5E-B7FE-21A5D2E8F840}.Release|ARM.Build.0 = Debug|Any CPU
		{706F2DA5-32D6-4F5E-B7FE-21A5D2E8F840}.Release|x64.ActiveCfg = Debug|Any CPU
		{706F2DA5-32D6-4F5E-B7FE-21A5D2E8F840}.Release|x64.Build.0 = Debug|Any CPU
		{706F2DA5-32D6-4F5E-B7FE-21A5D2E8F840}.Release|x86.ActiveCfg = Debug|Any CPU
		{706F2DA5-32D6-4F5E-B7FE-21A5D2E8F840}.Release|x86.Build.0 = Debug|Any CPU
		{8706F15C-ABF1-47BC-AE96-17BD2F6F094B}.Debug|Any CPU.ActiveCfg = Debug|Any CPU
		{8706F15C-ABF1-47BC-AE96-17BD2F6F094B}.Debug|Any CPU.Build.0 = Debug|Any CPU
		{8706F15C-ABF1-47BC-AE96-17BD2F6F094B}.Debug|ARM.ActiveCfg = Debug|Any CPU
		{8706F15C-ABF1-47BC-AE96-17BD2F6F094B}.Debug|ARM.Build.0 = Debug|Any CPU
		{8706F15C-ABF1-47BC-AE96-17BD2F6F094B}.Debug|x64.ActiveCfg = Debug|Any CPU
		{8706F15C-ABF1-47BC-AE96-17BD2F6F094B}.Debug|x64.Build.0 = Debug|Any CPU
		{8706F15C-ABF1-47BC-AE96-17BD2F6F094B}.Debug|x86.ActiveCfg = Debug|Any CPU
		{8706F15C-ABF1-47BC-AE96-17BD2F6F094B}.Debug|x86.Build.0 = Debug|Any CPU
		{8706F15C-ABF1-47BC-AE96-17BD2F6F094B}.Release|Any CPU.ActiveCfg = Debug|Any CPU
		{8706F15C-ABF1-47BC-AE96-17BD2F6F094B}.Release|Any CPU.Build.0 = Debug|Any CPU
		{8706F15C-ABF1-47BC-AE96-17BD2F6F094B}.Release|ARM.ActiveCfg = Debug|Any CPU
		{8706F15C-ABF1-47BC-AE96-17BD2F6F094B}.Release|ARM.Build.0 = Debug|Any CPU
		{8706F15C-ABF1-47BC-AE96-17BD2F6F094B}.Release|x64.ActiveCfg = Debug|Any CPU
		{8706F15C-ABF1-47BC-AE96-17BD2F6F094B}.Release|x64.Build.0 = Debug|Any CPU
		{8706F15C-ABF1-47BC-AE96-17BD2F6F094B}.Release|x86.ActiveCfg = Debug|Any CPU
		{8706F15C-ABF1-47BC-AE96-17BD2F6F094B}.Release|x86.Build.0 = Debug|Any CPU
		{6816E0C9-85D1-4504-816A-19FD15E86C0A}.Debug|Any CPU.ActiveCfg = Debug|Any CPU
		{6816E0C9-85D1-4504-816A-19FD15E86C0A}.Debug|Any CPU.Build.0 = Debug|Any CPU
		{6816E0C9-85D1-4504-816A-19FD15E86C0A}.Debug|ARM.ActiveCfg = Debug|Any CPU
		{6816E0C9-85D1-4504-816A-19FD15E86C0A}.Debug|ARM.Build.0 = Debug|Any CPU
		{6816E0C9-85D1-4504-816A-19FD15E86C0A}.Debug|x64.ActiveCfg = Debug|Any CPU
		{6816E0C9-85D1-4504-816A-19FD15E86C0A}.Debug|x64.Build.0 = Debug|Any CPU
		{6816E0C9-85D1-4504-816A-19FD15E86C0A}.Debug|x86.ActiveCfg = Debug|Any CPU
		{6816E0C9-85D1-4504-816A-19FD15E86C0A}.Debug|x86.Build.0 = Debug|Any CPU
		{6816E0C9-85D1-4504-816A-19FD15E86C0A}.Release|Any CPU.ActiveCfg = Debug|Any CPU
		{6816E0C9-85D1-4504-816A-19FD15E86C0A}.Release|Any CPU.Build.0 = Debug|Any CPU
		{6816E0C9-85D1-4504-816A-19FD15E86C0A}.Release|ARM.ActiveCfg = Debug|Any CPU
		{6816E0C9-85D1-4504-816A-19FD15E86C0A}.Release|ARM.Build.0 = Debug|Any CPU
		{6816E0C9-85D1-4504-816A-19FD15E86C0A}.Release|x64.ActiveCfg = Debug|Any CPU
		{6816E0C9-85D1-4504-816A-19FD15E86C0A}.Release|x64.Build.0 = Debug|Any CPU
		{6816E0C9-85D1-4504-816A-19FD15E86C0A}.Release|x86.ActiveCfg = Debug|Any CPU
		{6816E0C9-85D1-4504-816A-19FD15E86C0A}.Release|x86.Build.0 = Debug|Any CPU
		{4FAB2A67-A239-494B-8BDA-CB7C79D30251}.Debug|Any CPU.ActiveCfg = Debug|Any CPU
		{4FAB2A67-A239-494B-8BDA-CB7C79D30251}.Debug|Any CPU.Build.0 = Debug|Any CPU
		{4FAB2A67-A239-494B-8BDA-CB7C79D30251}.Debug|ARM.ActiveCfg = Debug|Any CPU
		{4FAB2A67-A239-494B-8BDA-CB7C79D30251}.Debug|ARM.Build.0 = Debug|Any CPU
		{4FAB2A67-A239-494B-8BDA-CB7C79D30251}.Debug|x64.ActiveCfg = Debug|Any CPU
		{4FAB2A67-A239-494B-8BDA-CB7C79D30251}.Debug|x64.Build.0 = Debug|Any CPU
		{4FAB2A67-A239-494B-8BDA-CB7C79D30251}.Debug|x86.ActiveCfg = Debug|Any CPU
		{4FAB2A67-A239-494B-8BDA-CB7C79D30251}.Debug|x86.Build.0 = Debug|Any CPU
		{4FAB2A67-A239-494B-8BDA-CB7C79D30251}.Release|Any CPU.ActiveCfg = Release|Any CPU
		{4FAB2A67-A239-494B-8BDA-CB7C79D30251}.Release|Any CPU.Build.0 = Release|Any CPU
		{4FAB2A67-A239-494B-8BDA-CB7C79D30251}.Release|ARM.ActiveCfg = Release|Any CPU
		{4FAB2A67-A239-494B-8BDA-CB7C79D30251}.Release|ARM.Build.0 = Release|Any CPU
		{4FAB2A67-A239-494B-8BDA-CB7C79D30251}.Release|x64.ActiveCfg = Release|Any CPU
		{4FAB2A67-A239-494B-8BDA-CB7C79D30251}.Release|x64.Build.0 = Release|Any CPU
		{4FAB2A67-A239-494B-8BDA-CB7C79D30251}.Release|x86.ActiveCfg = Release|Any CPU
		{4FAB2A67-A239-494B-8BDA-CB7C79D30251}.Release|x86.Build.0 = Release|Any CPU
		{0C309441-8E3A-4313-9912-9B0320F062D0}.Debug|Any CPU.ActiveCfg = Debug|Any CPU
		{0C309441-8E3A-4313-9912-9B0320F062D0}.Debug|Any CPU.Build.0 = Debug|Any CPU
		{0C309441-8E3A-4313-9912-9B0320F062D0}.Debug|ARM.ActiveCfg = Debug|Any CPU
		{0C309441-8E3A-4313-9912-9B0320F062D0}.Debug|ARM.Build.0 = Debug|Any CPU
		{0C309441-8E3A-4313-9912-9B0320F062D0}.Debug|x64.ActiveCfg = Debug|Any CPU
		{0C309441-8E3A-4313-9912-9B0320F062D0}.Debug|x64.Build.0 = Debug|Any CPU
		{0C309441-8E3A-4313-9912-9B0320F062D0}.Debug|x86.ActiveCfg = Debug|Any CPU
		{0C309441-8E3A-4313-9912-9B0320F062D0}.Debug|x86.Build.0 = Debug|Any CPU
		{0C309441-8E3A-4313-9912-9B0320F062D0}.Release|Any CPU.ActiveCfg = Release|Any CPU
		{0C309441-8E3A-4313-9912-9B0320F062D0}.Release|Any CPU.Build.0 = Release|Any CPU
		{0C309441-8E3A-4313-9912-9B0320F062D0}.Release|ARM.ActiveCfg = Release|Any CPU
		{0C309441-8E3A-4313-9912-9B0320F062D0}.Release|ARM.Build.0 = Release|Any CPU
		{0C309441-8E3A-4313-9912-9B0320F062D0}.Release|x64.ActiveCfg = Release|Any CPU
		{0C309441-8E3A-4313-9912-9B0320F062D0}.Release|x64.Build.0 = Release|Any CPU
		{0C309441-8E3A-4313-9912-9B0320F062D0}.Release|x86.ActiveCfg = Release|Any CPU
		{0C309441-8E3A-4313-9912-9B0320F062D0}.Release|x86.Build.0 = Release|Any CPU
		{C25600CD-E43F-4464-BDDE-7EDB152BF767}.Debug|Any CPU.ActiveCfg = Debug|Any CPU
		{C25600CD-E43F-4464-BDDE-7EDB152BF767}.Debug|Any CPU.Build.0 = Debug|Any CPU
		{C25600CD-E43F-4464-BDDE-7EDB152BF767}.Debug|ARM.ActiveCfg = Debug|Any CPU
		{C25600CD-E43F-4464-BDDE-7EDB152BF767}.Debug|ARM.Build.0 = Debug|Any CPU
		{C25600CD-E43F-4464-BDDE-7EDB152BF767}.Debug|x64.ActiveCfg = Debug|Any CPU
		{C25600CD-E43F-4464-BDDE-7EDB152BF767}.Debug|x64.Build.0 = Debug|Any CPU
		{C25600CD-E43F-4464-BDDE-7EDB152BF767}.Debug|x86.ActiveCfg = Debug|Any CPU
		{C25600CD-E43F-4464-BDDE-7EDB152BF767}.Debug|x86.Build.0 = Debug|Any CPU
		{C25600CD-E43F-4464-BDDE-7EDB152BF767}.Release|Any CPU.ActiveCfg = Release|Any CPU
		{C25600CD-E43F-4464-BDDE-7EDB152BF767}.Release|Any CPU.Build.0 = Release|Any CPU
		{C25600CD-E43F-4464-BDDE-7EDB152BF767}.Release|ARM.ActiveCfg = Release|Any CPU
		{C25600CD-E43F-4464-BDDE-7EDB152BF767}.Release|ARM.Build.0 = Release|Any CPU
		{C25600CD-E43F-4464-BDDE-7EDB152BF767}.Release|x64.ActiveCfg = Release|Any CPU
		{C25600CD-E43F-4464-BDDE-7EDB152BF767}.Release|x64.Build.0 = Release|Any CPU
		{C25600CD-E43F-4464-BDDE-7EDB152BF767}.Release|x86.ActiveCfg = Release|Any CPU
		{C25600CD-E43F-4464-BDDE-7EDB152BF767}.Release|x86.Build.0 = Release|Any CPU
		{D98ECD49-0979-424C-9162-83AC6E74CD7F}.Debug|Any CPU.ActiveCfg = Debug|Any CPU
		{D98ECD49-0979-424C-9162-83AC6E74CD7F}.Debug|Any CPU.Build.0 = Debug|Any CPU
		{D98ECD49-0979-424C-9162-83AC6E74CD7F}.Debug|ARM.ActiveCfg = Debug|Any CPU
		{D98ECD49-0979-424C-9162-83AC6E74CD7F}.Debug|ARM.Build.0 = Debug|Any CPU
		{D98ECD49-0979-424C-9162-83AC6E74CD7F}.Debug|x64.ActiveCfg = Debug|Any CPU
		{D98ECD49-0979-424C-9162-83AC6E74CD7F}.Debug|x64.Build.0 = Debug|Any CPU
		{D98ECD49-0979-424C-9162-83AC6E74CD7F}.Debug|x86.ActiveCfg = Debug|Any CPU
		{D98ECD49-0979-424C-9162-83AC6E74CD7F}.Debug|x86.Build.0 = Debug|Any CPU
		{D98ECD49-0979-424C-9162-83AC6E74CD7F}.Release|Any CPU.ActiveCfg = Release|Any CPU
		{D98ECD49-0979-424C-9162-83AC6E74CD7F}.Release|Any CPU.Build.0 = Release|Any CPU
		{D98ECD49-0979-424C-9162-83AC6E74CD7F}.Release|ARM.ActiveCfg = Release|Any CPU
		{D98ECD49-0979-424C-9162-83AC6E74CD7F}.Release|ARM.Build.0 = Release|Any CPU
		{D98ECD49-0979-424C-9162-83AC6E74CD7F}.Release|x64.ActiveCfg = Release|Any CPU
		{D98ECD49-0979-424C-9162-83AC6E74CD7F}.Release|x64.Build.0 = Release|Any CPU
		{D98ECD49-0979-424C-9162-83AC6E74CD7F}.Release|x86.ActiveCfg = Release|Any CPU
		{D98ECD49-0979-424C-9162-83AC6E74CD7F}.Release|x86.Build.0 = Release|Any CPU
	EndGlobalSection
	GlobalSection(SolutionProperties) = preSolution
		HideSolutionNode = FALSE
	EndGlobalSection
	GlobalSection(NestedProjects) = preSolution
		{829E5594-2BD1-40F4-A50B-AA13180B742D} = {FFB7FD15-6C1B-443E-835D-70698E76E7B2}
		{7B1C4F80-DB7C-4303-97B4-52C214104811} = {FFB7FD15-6C1B-443E-835D-70698E76E7B2}
		{7D3C54E8-A8CB-4AD2-A7AD-275B329EBF79} = {829E5594-2BD1-40F4-A50B-AA13180B742D}
		{A9E19AFC-A510-4594-AEB7-1F675A64A15B} = {829E5594-2BD1-40F4-A50B-AA13180B742D}
		{17B34CB1-31A1-4708-A164-C8C1939DA7BC} = {829E5594-2BD1-40F4-A50B-AA13180B742D}
		{04BE66CE-3CC9-4EA3-8251-3BC1B2E5AF4B} = {829E5594-2BD1-40F4-A50B-AA13180B742D}
		{3AAF91A6-56E2-4E25-89F6-4D10193D4B8F} = {829E5594-2BD1-40F4-A50B-AA13180B742D}
		{CEE5A82B-4EBA-4D00-9125-00B443BD962F} = {BA23CDBE-D7E8-4F90-AB7E-D8B365E91B00}
		{89523679-6D9C-4B67-8838-C1A0CE92BE6C} = {CEE5A82B-4EBA-4D00-9125-00B443BD962F}
		{3C6E3A24-468D-42E0-A5FC-9B68003A9807} = {CEE5A82B-4EBA-4D00-9125-00B443BD962F}
		{DF50FF02-2573-403D-95F3-3D7B49BBD17B} = {CEE5A82B-4EBA-4D00-9125-00B443BD962F}
		{90F8988F-3354-4F27-9024-6D2CA13BE18A} = {829E5594-2BD1-40F4-A50B-AA13180B742D}
		{60669267-C598-405C-A8BA-3A5676D98465} = {829E5594-2BD1-40F4-A50B-AA13180B742D}
		{1E930A2C-A8D7-4BAC-A71D-6699901FC938} = {CEE5A82B-4EBA-4D00-9125-00B443BD962F}
		{1CF43787-10BE-4DFE-98B3-932CC20A11BE} = {CEE5A82B-4EBA-4D00-9125-00B443BD962F}
		{EAFD574F-061E-45BC-B9F4-04C3F5E73990} = {CEE5A82B-4EBA-4D00-9125-00B443BD962F}
		{95075223-6DD6-489A-9509-423F073AF03B} = {BA23CDBE-D7E8-4F90-AB7E-D8B365E91B00}
		{811A6EAF-F849-4F2C-9EEA-536499437A0A} = {95075223-6DD6-489A-9509-423F073AF03B}
		{6D7BBDF4-0648-4DEA-A7F1-27B22759F4B1} = {7C8DFB47-92CF-475B-B7D9-E08D22CA0D2D}
		{7C8DFB47-92CF-475B-B7D9-E08D22CA0D2D} = {95075223-6DD6-489A-9509-423F073AF03B}
		{706F2DA5-32D6-4F5E-B7FE-21A5D2E8F840} = {5ED84669-50FD-4A6C-ABC2-EC9A46360A63}
		{5ED84669-50FD-4A6C-ABC2-EC9A46360A63} = {95075223-6DD6-489A-9509-423F073AF03B}
		{50D6E518-250A-47F3-A5CE-8974FADB4C70} = {95075223-6DD6-489A-9509-423F073AF03B}
		{8706F15C-ABF1-47BC-AE96-17BD2F6F094B} = {50D6E518-250A-47F3-A5CE-8974FADB4C70}
		{94AEC2F9-91BD-44AD-8CE3-215791A0995A} = {95075223-6DD6-489A-9509-423F073AF03B}
		{6816E0C9-85D1-4504-816A-19FD15E86C0A} = {94AEC2F9-91BD-44AD-8CE3-215791A0995A}
		{AFEEBE20-1A7C-4A05-BCD9-F0E65128A7CF} = {BA23CDBE-D7E8-4F90-AB7E-D8B365E91B00}
		{A0143C73-8869-4E49-9BC7-EA3B723A433B} = {AFEEBE20-1A7C-4A05-BCD9-F0E65128A7CF}
		{9E21A553-C1A4-449E-951F-FEBCB516C8E6} = {AFEEBE20-1A7C-4A05-BCD9-F0E65128A7CF}
		{4FAB2A67-A239-494B-8BDA-CB7C79D30251} = {9E21A553-C1A4-449E-951F-FEBCB516C8E6}
		{0C309441-8E3A-4313-9912-9B0320F062D0} = {A0143C73-8869-4E49-9BC7-EA3B723A433B}
		{C25600CD-E43F-4464-BDDE-7EDB152BF767} = {A0143C73-8869-4E49-9BC7-EA3B723A433B}
		{D98ECD49-0979-424C-9162-83AC6E74CD7F} = {829E5594-2BD1-40F4-A50B-AA13180B742D}
	EndGlobalSection
	GlobalSection(ExtensibilityGlobals) = postSolution
		SolutionGuid = {B850ED9D-DC3A-4235-BA47-E0B181EDF282}
	EndGlobalSection
EndGlobal
